
OpenTofu used the selected providers to generate the following execution
plan. Resource actions are indicated with the following symbols:
  + create
  ~ update in-place
 <= read (data resources)

OpenTofu will perform the following actions:

  # module.provisioning-generic-deploy-containers.terraform_data.dockers will be created
  + resource "terraform_data" "dockers" {
      + id = (known after apply)
    }

  # module.provisioning-backends-local-gl.module.provisioning-generic-organization-github.github_repository.repositories["breakground-provisioning"] will be updated in-place
  ~ resource "github_repository" "repositories" {
        id                          = "breakground-provisioning"
        name                        = "breakground-provisioning"
        # (34 unchanged attributes hidden)

      ~ security_and_analysis {
          - secret_scanning {
              - status = "disabled" -> null
            }
          - secret_scanning_push_protection {
              - status = "disabled" -> null
            }
        }
    }

  # module.provisioning-backends-local-gl.module.provisioning-generic-organization-gitlab.data.gitlab_project_branches.group_projects_branch_production_exists_data["breakground-provisioning"] will be read during apply
  # (depends on a resource or a module with changes pending)
 <= data "gitlab_project_branches" "group_projects_branch_production_exists_data" {
      + branches = (known after apply)
      + id       = (known after apply)
      + project  = "50663307"
    }

  # module.provisioning-backends-local-gl.module.provisioning-generic-organization-gitlab.gitlab_project.group_projects["breakground-provisioning"] will be updated in-place
  ~ resource "gitlab_project" "group_projects" {
        id                                               = "50663307"
      ~ import_url_password                              = (sensitive value)
        name                                             = "breakground-provisioning"
        tags                                             = []
        # (72 unchanged attributes hidden)

        # (2 unchanged blocks hidden)
    }

  # module.provisioning-backends-local-gl.module.provisioning-generic-organization-gitlab.gitlab_project_mirror.group_projects_mirrors_push["breakground-provisioning"] will be created
  + resource "gitlab_project_mirror" "group_projects_mirrors_push" {
      + enabled                 = true
      + id                      = (known after apply)
      + keep_divergent_refs     = true
      + mirror_id               = (known after apply)
      + only_protected_branches = true
      + project                 = "50663307"
      + url                     = (sensitive value)
    }

Plan: 2 to add, 2 to change, 0 to destroy.
