
OpenTofu used the selected providers to generate the following execution
plan. Resource actions are indicated with the following symbols:
  + create
  ~ update in-place
 <= read (data resources)

OpenTofu will perform the following actions:

  # module.provisioning-backends-local-gl.module.provisioning-generic-organization-gitlab.data.gitlab_project_branches.group_projects_branch_production_exists_data["breakground-provisioning"] will be read during apply
  # (depends on a resource or a module with changes pending)
 <= data "gitlab_project_branches" "group_projects_branch_production_exists_data" {
      + branches = (known after apply)
      + id       = (known after apply)
      + project  = "50663307"
    }

  # module.provisioning-backends-local-gl.module.provisioning-generic-organization-gitlab.gitlab_project.group_projects["breakground-provisioning"] will be updated in-place
  ~ resource "gitlab_project" "group_projects" {
        id                                               = "50663307"
      + import_url                                       = "https://github.com/tomshley/breakground-provisioning.git"
      + import_url_password                              = (sensitive value)
      + import_url_username                              = "tomshley"
        name                                             = "breakground-provisioning"
        tags                                             = []
        # (70 unchanged attributes hidden)

        # (2 unchanged blocks hidden)
    }

  # module.provisioning-backends-local-gl.module.provisioning-generic-organization-gitlab.gitlab_project_mirror.group_projects_mirrors["breakground-provisioning"] will be created
  + resource "gitlab_project_mirror" "group_projects_mirrors" {
      + enabled                 = true
      + id                      = (known after apply)
      + keep_divergent_refs     = false
      + mirror_id               = (known after apply)
      + only_protected_branches = true
      + project                 = "50663307"
      + url                     = (sensitive value)
    }

Plan: 1 to add, 1 to change, 0 to destroy.
