{
  "version": 4,
  "terraform_version": "1.7.3",
  "serial": 246,
  "lineage": "09741f2a-1a56-f967-fb92-bf457371ad0c",
  "outputs": {},
  "resources": [
    {
      "module": "module.provisioning-backends-local-gl.module.provisioning-generic-organization-github",
      "mode": "managed",
      "type": "github_branch_protection",
      "name": "repositories_protected_branches",
      "provider": "provider[\"registry.opentofu.org/integrations/github\"]",
      "instances": [
        {
          "index_key": "integrationdevelopbreakground-provisioning",
          "schema_version": 1,
          "attributes": {
            "allows_deletions": false,
            "allows_force_pushes": false,
            "blocks_creations": false,
            "enforce_admins": true,
            "force_push_bypassers": [],
            "id": "BPR_kwDOMfjqGM4DKORl",
            "lock_branch": false,
            "pattern": "develop",
            "push_restrictions": [],
            "repository_id": "breakground-provisioning",
            "require_conversation_resolution": false,
            "require_signed_commits": false,
            "required_linear_history": false,
            "required_pull_request_reviews": [],
            "required_status_checks": []
          },
          "sensitive_attributes": [],
          "private": "eyJzY2hlbWFfdmVyc2lvbiI6IjEifQ==",
          "dependencies": [
            "module.provisioning-backends-local-gl.module.provisioning-generic-organization-github.github_repository.repositories"
          ]
        },
        {
          "index_key": "productionmainbreakground-provisioning",
          "schema_version": 1,
          "attributes": {
            "allows_deletions": false,
            "allows_force_pushes": false,
            "blocks_creations": false,
            "enforce_admins": true,
            "force_push_bypassers": [],
            "id": "BPR_kwDOMfjqGM4DKORm",
            "lock_branch": false,
            "pattern": "main",
            "push_restrictions": [],
            "repository_id": "breakground-provisioning",
            "require_conversation_resolution": false,
            "require_signed_commits": false,
            "required_linear_history": false,
            "required_pull_request_reviews": [],
            "required_status_checks": []
          },
          "sensitive_attributes": [],
          "private": "eyJzY2hlbWFfdmVyc2lvbiI6IjEifQ==",
          "dependencies": [
            "module.provisioning-backends-local-gl.module.provisioning-generic-organization-github.github_repository.repositories"
          ]
        }
      ]
    },
    {
      "module": "module.provisioning-backends-local-gl.module.provisioning-generic-organization-github",
      "mode": "managed",
      "type": "github_repository",
      "name": "repositories",
      "provider": "provider[\"registry.opentofu.org/integrations/github\"]",
      "instances": [
        {
          "index_key": "breakground-provisioning",
          "schema_version": 1,
          "attributes": {
            "allow_auto_merge": false,
            "allow_merge_commit": true,
            "allow_rebase_merge": true,
            "allow_squash_merge": true,
            "allow_update_branch": false,
            "archive_on_destroy": null,
            "archived": false,
            "auto_init": false,
            "default_branch": "main",
            "delete_branch_on_merge": false,
            "description": "",
            "etag": "W/\"8b1d9e9b0fd960ca67333e0051bbf2fe821376472eab02306414fae6eaf547a3\"",
            "full_name": "tomshley/breakground-provisioning",
            "git_clone_url": "git://github.com/tomshley/breakground-provisioning.git",
            "gitignore_template": null,
            "has_discussions": false,
            "has_downloads": false,
            "has_issues": false,
            "has_projects": false,
            "has_wiki": false,
            "homepage_url": "",
            "html_url": "https://github.com/tomshley/breakground-provisioning",
            "http_clone_url": "https://github.com/tomshley/breakground-provisioning.git",
            "id": "breakground-provisioning",
            "ignore_vulnerability_alerts_during_read": null,
            "is_template": false,
            "license_template": null,
            "merge_commit_message": "PR_TITLE",
            "merge_commit_title": "MERGE_MESSAGE",
            "name": "breakground-provisioning",
            "node_id": "R_kgDOMfjqGA",
            "pages": [],
            "primary_language": "",
            "private": false,
            "repo_id": 838396440,
            "security_and_analysis": [
              {
                "advanced_security": [],
                "secret_scanning": [
                  {
                    "status": "disabled"
                  }
                ],
                "secret_scanning_push_protection": [
                  {
                    "status": "disabled"
                  }
                ]
              }
            ],
            "squash_merge_commit_message": "COMMIT_MESSAGES",
            "squash_merge_commit_title": "COMMIT_OR_PR_TITLE",
            "ssh_clone_url": "git@github.com:tomshley/breakground-provisioning.git",
            "svn_url": "https://github.com/tomshley/breakground-provisioning",
            "template": [],
            "topics": [],
            "visibility": "public",
            "vulnerability_alerts": false,
            "web_commit_signoff_required": false
          },
          "sensitive_attributes": [],
          "private": "eyJzY2hlbWFfdmVyc2lvbiI6IjEifQ=="
        }
      ]
    },
    {
      "module": "module.provisioning-backends-local-gl.module.provisioning-generic-organization-gitlab",
      "mode": "data",
      "type": "gitlab_group",
      "name": "owner_group",
      "provider": "provider[\"registry.opentofu.org/gitlabhq/gitlab\"]",
      "instances": [
        {
          "schema_version": 0,
          "attributes": {
            "default_branch_protection": 2,
            "description": "",
            "extra_shared_runners_minutes_limit": 0,
            "full_name": "tomshley",
            "full_path": "tomshley",
            "group_id": 64355277,
            "id": "64355277",
            "lfs_enabled": true,
            "membership_lock": true,
            "name": "tomshley",
            "parent_id": 0,
            "path": "tomshley",
            "prevent_forking_outside_group": true,
            "request_access_enabled": false,
            "runners_token": "",
            "shared_runners_minutes_limit": 10000,
            "shared_runners_setting": "enabled",
            "shared_with_groups": [],
            "visibility_level": "public",
            "web_url": "https://gitlab.com/groups/tomshley",
            "wiki_access_level": "private"
          },
          "sensitive_attributes": []
        }
      ]
    },
    {
      "module": "module.provisioning-backends-local-gl.module.provisioning-generic-organization-gitlab",
      "mode": "data",
      "type": "gitlab_project_branches",
      "name": "group_projects_branch_production_exists_data",
      "provider": "provider[\"registry.opentofu.org/gitlabhq/gitlab\"]",
      "instances": [
        {
          "index_key": "breakground-provisioning",
          "schema_version": 0,
          "attributes": {
            "branches": [
              {
                "can_push": true,
                "commit": [
                  {
                    "author_email": "gitlab.comsgogglespm.coil197@passmail.net",
                    "author_name": "sgoggles",
                    "authored_date": "2024-08-05T19:20:33-04:00",
                    "committed_date": "2024-08-05T19:20:33-04:00",
                    "committer_email": "gitlab.comsgogglespm.coil197@passmail.net",
                    "committer_name": "sgoggles",
                    "id": "fd42bdb4f991aa0b3e85b05f594de355fd5cdaf5",
                    "message": "Including local TF state\n",
                    "parent_ids": [
                      "e929651e5566a30f827b303d3cbea64e0d03632a"
                    ],
                    "short_id": "fd42bdb4",
                    "title": "Including local TF state"
                  }
                ],
                "default": false,
                "developers_can_merge": false,
                "developers_can_push": false,
                "merged": false,
                "name": "develop",
                "protected": true,
                "web_url": "https://gitlab.com/tomshley/breakground-provisioning/-/tree/develop"
              },
              {
                "can_push": true,
                "commit": [
                  {
                    "author_email": "gitlab.comsgogglespm.coil197@passmail.net",
                    "author_name": "sgoggles",
                    "authored_date": "2023-08-19T08:35:59-04:00",
                    "committed_date": "2023-08-19T08:35:59-04:00",
                    "committer_email": "gitlab.comsgogglespm.coil197@passmail.net",
                    "committer_name": "sgoggles",
                    "id": "855fab8e83ca2424738e0aa3d6c4304c93e67c74",
                    "message": "tomshley/breakground-provisioning#1\n\nhttps://gitlab.com/tomshley/breakground-provisioning/-/issues/1\n",
                    "parent_ids": [
                      "8fc5fc2a53d6acc9b9d8daef6d7b61cebb461ea7"
                    ],
                    "short_id": "855fab8e",
                    "title": "tomshley/breakground-provisioning#1"
                  }
                ],
                "default": false,
                "developers_can_merge": false,
                "developers_can_push": false,
                "merged": false,
                "name": "feature/1-add-cicd-and-microcontainer-projects",
                "protected": false,
                "web_url": "https://gitlab.com/tomshley/breakground-provisioning/-/tree/feature/1-add-cicd-and-microcontainer-projects"
              },
              {
                "can_push": true,
                "commit": [
                  {
                    "author_email": "gitlab.comsgogglespm.coil197@passmail.net",
                    "author_name": "sgoggles",
                    "authored_date": "2023-08-18T23:08:27-04:00",
                    "committed_date": "2023-08-18T23:08:27-04:00",
                    "committer_email": "gitlab.comsgogglespm.coil197@passmail.net",
                    "committer_name": "sgoggles",
                    "id": "d08f624a3ba9f9d680de8654c999b1edd8239349",
                    "message": "tomshley/breakground-provisioning#1\n\nhttps://gitlab.com/tomshley/breakground-provisioning/-/issues/1\n",
                    "parent_ids": [
                      "fa6fe97130665532509ac8c6052825756c073708"
                    ],
                    "short_id": "d08f624a",
                    "title": "tomshley/breakground-provisioning#1"
                  }
                ],
                "default": false,
                "developers_can_merge": false,
                "developers_can_push": false,
                "merged": false,
                "name": "feature/1-release-tomshley-oss-projects",
                "protected": false,
                "web_url": "https://gitlab.com/tomshley/breakground-provisioning/-/tree/feature/1-release-tomshley-oss-projects"
              },
              {
                "can_push": true,
                "commit": [
                  {
                    "author_email": "gitlab.comsgogglespm.coil197@passmail.net",
                    "author_name": "sgoggles",
                    "authored_date": "2023-08-12T13:28:38-04:00",
                    "committed_date": "2023-08-12T13:28:38-04:00",
                    "committer_email": "gitlab.comsgogglespm.coil197@passmail.net",
                    "committer_name": "sgoggles",
                    "id": "a0469585573faf6d1d5800350151db69e8b09cf8",
                    "message": "Merge branch 'develop' into feature/1-use-breakground-provisioning-as-name-in-gh\n",
                    "parent_ids": [
                      "e1243247006e26104183561f52b9a0161cb6471a",
                      "ebdf4949287f33bab8bf1b7f5d861aadbcb797f5"
                    ],
                    "short_id": "a0469585",
                    "title": "Merge branch 'develop' into feature/1-use-breakground-provisioning-as-name-in-gh"
                  }
                ],
                "default": false,
                "developers_can_merge": false,
                "developers_can_push": false,
                "merged": false,
                "name": "feature/1-use-breakground-provisioning-as-name-in-gh",
                "protected": false,
                "web_url": "https://gitlab.com/tomshley/breakground-provisioning/-/tree/feature/1-use-breakground-provisioning-as-name-in-gh"
              },
              {
                "can_push": true,
                "commit": [
                  {
                    "author_email": "gitlab.comsgogglespm.coil197@passmail.net",
                    "author_name": "Tom Schena",
                    "authored_date": "2023-08-30T15:48:40Z",
                    "committed_date": "2023-08-30T15:48:40Z",
                    "committer_email": "gitlab.comsgogglespm.coil197@passmail.net",
                    "committer_name": "Tom Schena",
                    "id": "30e76e832167b66dca332c31adec4ea70797bb71",
                    "message": "Tomshley Release Version v0.3.7 | develop | [skip ci]\n",
                    "parent_ids": [
                      "0984f057e4810800f5f8ab6ac65e01e247234437",
                      "b704c882e874dbafe04bfd185ebc99d4406e0d87"
                    ],
                    "short_id": "30e76e83",
                    "title": "Tomshley Release Version v0.3.7 | develop | [skip ci]"
                  }
                ],
                "default": false,
                "developers_can_merge": false,
                "developers_can_push": false,
                "merged": false,
                "name": "feature/10-allow-for-releases-in-the-cicd-pipeline",
                "protected": false,
                "web_url": "https://gitlab.com/tomshley/breakground-provisioning/-/tree/feature/10-allow-for-releases-in-the-cicd-pipeline"
              },
              {
                "can_push": true,
                "commit": [
                  {
                    "author_email": "gitlab.comsgogglespm.coil197@passmail.net",
                    "author_name": "Tom Schena",
                    "authored_date": "2023-09-01T01:10:04Z",
                    "committed_date": "2023-09-01T01:10:04Z",
                    "committer_email": "gitlab.comsgogglespm.coil197@passmail.net",
                    "committer_name": "Tom Schena",
                    "id": "d545ff1f6b23ee5a982568fec86aa4e2704471b1",
                    "message": "Merge branch 'feature/5-protected-branch-functionality-for-gitlab-and-github' into 'develop'\n\nfeature/5-protected-branch-functionality-for-gitlab-and-github\n\nSee merge request tomshley/breakground-provisioning!5",
                    "parent_ids": [
                      "5bd03b0ec58d629a03c58c15cc236d6588c0b01a",
                      "bae7209d88a6f7d9b637ad85f3a6cf611097177b"
                    ],
                    "short_id": "d545ff1f",
                    "title": "Merge branch 'feature/5-protected-branch-functionality-for-gitlab-and-github' into 'develop'"
                  }
                ],
                "default": false,
                "developers_can_merge": false,
                "developers_can_push": false,
                "merged": false,
                "name": "feature/12-model-rest-of-git-flow",
                "protected": false,
                "web_url": "https://gitlab.com/tomshley/breakground-provisioning/-/tree/feature/12-model-rest-of-git-flow"
              },
              {
                "can_push": true,
                "commit": [
                  {
                    "author_email": "gitlab.comsgogglespm.coil197@passmail.net",
                    "author_name": "sgoggles",
                    "authored_date": "2023-09-09T08:40:07-04:00",
                    "committed_date": "2023-09-09T08:40:07-04:00",
                    "committer_email": "gitlab.comsgogglespm.coil197@passmail.net",
                    "committer_name": "sgoggles",
                    "id": "eff5086f553c36af8e943b76ff104d5c7ad62579",
                    "message": "Fixes tomshley/breakground-provisioning#15\n\nhttps://gitlab.com/tomshley/breakground-provisioning/-/issues/15\n",
                    "parent_ids": [
                      "7ed3c2edc29da135131609fa914c82814234d5c1"
                    ],
                    "short_id": "eff5086f",
                    "title": "Fixes tomshley/breakground-provisioning#15"
                  }
                ],
                "default": false,
                "developers_can_merge": false,
                "developers_can_push": false,
                "merged": false,
                "name": "feature/15-npm-sriracha-hot-source-dependencies-with-npm-repo-add",
                "protected": false,
                "web_url": "https://gitlab.com/tomshley/breakground-provisioning/-/tree/feature/15-npm-sriracha-hot-source-dependencies-with-npm-repo-add"
              },
              {
                "can_push": true,
                "commit": [
                  {
                    "author_email": "gitlab.comsgogglespm.coil197@passmail.net",
                    "author_name": "sgoggles",
                    "authored_date": "2023-09-10T11:09:24-04:00",
                    "committed_date": "2023-09-10T11:09:24-04:00",
                    "committer_email": "gitlab.comsgogglespm.coil197@passmail.net",
                    "committer_name": "sgoggles",
                    "id": "f4fcbbd7e4535c5ecd620ece59477b52d0493124",
                    "message": "Fixes tomshley/breakground-provisioning#16\n\nhttps://gitlab.com/tomshley/breakground-provisioning/-/issues/16\n",
                    "parent_ids": [
                      "262423402864233972095df1c61848cd8adc6488"
                    ],
                    "short_id": "f4fcbbd7",
                    "title": "Fixes tomshley/breakground-provisioning#16"
                  }
                ],
                "default": false,
                "developers_can_merge": false,
                "developers_can_push": false,
                "merged": false,
                "name": "feature/16-make-paste-js-public",
                "protected": false,
                "web_url": "https://gitlab.com/tomshley/breakground-provisioning/-/tree/feature/16-make-paste-js-public"
              },
              {
                "can_push": true,
                "commit": [
                  {
                    "author_email": "gitlab.comsgogglespm.coil197@passmail.net",
                    "author_name": "sgoggles",
                    "authored_date": "2023-09-22T07:28:59-04:00",
                    "committed_date": "2023-09-22T07:28:59-04:00",
                    "committer_email": "gitlab.comsgogglespm.coil197@passmail.net",
                    "committer_name": "sgoggles",
                    "id": "974420956aeb122234ba868f9a2aa908f3fa882b",
                    "message": "Merge branch 'develop' into feature/17-cannot-create-groups-from-cicd\n",
                    "parent_ids": [
                      "37c2d1ccb5cb7a5ae1a7d67120966804936256e8",
                      "7bf1232f7079fbde2017b29abb9932e9959a0d29"
                    ],
                    "short_id": "97442095",
                    "title": "Merge branch 'develop' into feature/17-cannot-create-groups-from-cicd"
                  }
                ],
                "default": false,
                "developers_can_merge": false,
                "developers_can_push": false,
                "merged": false,
                "name": "feature/17-cannot-create-groups-from-cicd",
                "protected": false,
                "web_url": "https://gitlab.com/tomshley/breakground-provisioning/-/tree/feature/17-cannot-create-groups-from-cicd"
              },
              {
                "can_push": true,
                "commit": [
                  {
                    "author_email": "gitlab.comsgogglespm.coil197@passmail.net",
                    "author_name": "Tom Schena",
                    "authored_date": "2023-09-22T11:49:07Z",
                    "committed_date": "2023-09-22T11:49:07Z",
                    "committer_email": "gitlab.comsgogglespm.coil197@passmail.net",
                    "committer_name": "Tom Schena",
                    "id": "9638a27d52d89461ce65a3b05f991ff412dca52e",
                    "message": "Tomshley Release Version v0.3.12 | develop | [skip ci]\n",
                    "parent_ids": [
                      "1357a6d35357afccec728b4381e46f19cdd20aaf",
                      "6b4c22b6e2145fd37e40ec890b284399cf5fa216"
                    ],
                    "short_id": "9638a27d",
                    "title": "Tomshley Release Version v0.3.12 | develop | [skip ci]"
                  }
                ],
                "default": false,
                "developers_can_merge": false,
                "developers_can_push": false,
                "merged": false,
                "name": "feature/18-add-ubiquiti-as-part-of-initial-provisioning",
                "protected": false,
                "web_url": "https://gitlab.com/tomshley/breakground-provisioning/-/tree/feature/18-add-ubiquiti-as-part-of-initial-provisioning"
              },
              {
                "can_push": true,
                "commit": [
                  {
                    "author_email": "gitlab.comsgogglespm.coil197@passmail.net",
                    "author_name": "Tom Schena",
                    "authored_date": "2023-09-22T11:49:07Z",
                    "committed_date": "2023-09-22T11:49:07Z",
                    "committer_email": "gitlab.comsgogglespm.coil197@passmail.net",
                    "committer_name": "Tom Schena",
                    "id": "9638a27d52d89461ce65a3b05f991ff412dca52e",
                    "message": "Tomshley Release Version v0.3.12 | develop | [skip ci]\n",
                    "parent_ids": [
                      "1357a6d35357afccec728b4381e46f19cdd20aaf",
                      "6b4c22b6e2145fd37e40ec890b284399cf5fa216"
                    ],
                    "short_id": "9638a27d",
                    "title": "Tomshley Release Version v0.3.12 | develop | [skip ci]"
                  }
                ],
                "default": false,
                "developers_can_merge": false,
                "developers_can_push": false,
                "merged": false,
                "name": "feature/19-provision-artifactory-as-an-option-in-breakground",
                "protected": false,
                "web_url": "https://gitlab.com/tomshley/breakground-provisioning/-/tree/feature/19-provision-artifactory-as-an-option-in-breakground"
              },
              {
                "can_push": true,
                "commit": [
                  {
                    "author_email": "gitlab.comsgogglespm.coil197@passmail.net",
                    "author_name": "sgoggles",
                    "authored_date": "2023-08-30T11:40:54-04:00",
                    "committed_date": "2023-08-30T11:40:54-04:00",
                    "committer_email": "gitlab.comsgogglespm.coil197@passmail.net",
                    "committer_name": "sgoggles",
                    "id": "7dd7a2a60981c1712bb69673f2b492325c716a7d",
                    "message": "tomshley/breakground-provisioning#2\n\nhttps://gitlab.com/tomshley/breakground-provisioning/-/issues/2\n",
                    "parent_ids": [
                      "3d099590c38f182e3d0920d1fed23712a4bf433c"
                    ],
                    "short_id": "7dd7a2a6",
                    "title": "tomshley/breakground-provisioning#2"
                  }
                ],
                "default": false,
                "developers_can_merge": false,
                "developers_can_push": false,
                "merged": false,
                "name": "feature/2-add-capability-to-make-gh-repo-s-public",
                "protected": false,
                "web_url": "https://gitlab.com/tomshley/breakground-provisioning/-/tree/feature/2-add-capability-to-make-gh-repo-s-public"
              },
              {
                "can_push": true,
                "commit": [
                  {
                    "author_email": "gitlab.comsgogglespm.coil197@passmail.net",
                    "author_name": "sgoggles",
                    "authored_date": "2023-08-13T08:28:22-04:00",
                    "committed_date": "2023-08-13T08:28:22-04:00",
                    "committer_email": "gitlab.comsgogglespm.coil197@passmail.net",
                    "committer_name": "sgoggles",
                    "id": "16d6900c4ecd7a730e5b08465fcf6af93eb1880a",
                    "message": "Merge branch 'develop' into feature/2-job-failed-4862700206\n",
                    "parent_ids": [
                      "3110157997b7f60960afc8faa54791b196b24c00",
                      "7936a62e665aba2ab77b83a54081b89cb78df33e"
                    ],
                    "short_id": "16d6900c",
                    "title": "Merge branch 'develop' into feature/2-job-failed-4862700206"
                  }
                ],
                "default": false,
                "developers_can_merge": false,
                "developers_can_push": false,
                "merged": false,
                "name": "feature/2-job-failed-4862700206",
                "protected": false,
                "web_url": "https://gitlab.com/tomshley/breakground-provisioning/-/tree/feature/2-job-failed-4862700206"
              },
              {
                "can_push": true,
                "commit": [
                  {
                    "author_email": "gitlab.comsgogglespm.coil197@passmail.net",
                    "author_name": "sgoggles",
                    "authored_date": "2023-09-24T11:25:10-04:00",
                    "committed_date": "2023-09-24T11:25:10-04:00",
                    "committer_email": "gitlab.comsgogglespm.coil197@passmail.net",
                    "committer_name": "sgoggles",
                    "id": "d343b839c7bc3000bdb75c3acedb3087ac6c89fd",
                    "message": "Fixes tomshley/breakground-provisioning#20\n\nhttps://gitlab.com/tomshley/breakground-provisioning/-/issues/20\n",
                    "parent_ids": [
                      "f8d8153d5931e5712cdb436b4ad40156f7e9256d"
                    ],
                    "short_id": "d343b839",
                    "title": "Fixes tomshley/breakground-provisioning#20"
                  }
                ],
                "default": false,
                "developers_can_merge": false,
                "developers_can_push": false,
                "merged": false,
                "name": "feature/20-refactor-module-names",
                "protected": false,
                "web_url": "https://gitlab.com/tomshley/breakground-provisioning/-/tree/feature/20-refactor-module-names"
              },
              {
                "can_push": true,
                "commit": [
                  {
                    "author_email": "gitlab.comsgogglespm.coil197@passmail.net",
                    "author_name": "Tom Schena",
                    "authored_date": "2023-09-22T11:49:07Z",
                    "committed_date": "2023-09-22T11:49:07Z",
                    "committer_email": "gitlab.comsgogglespm.coil197@passmail.net",
                    "committer_name": "Tom Schena",
                    "id": "9638a27d52d89461ce65a3b05f991ff412dca52e",
                    "message": "Tomshley Release Version v0.3.12 | develop | [skip ci]\n",
                    "parent_ids": [
                      "1357a6d35357afccec728b4381e46f19cdd20aaf",
                      "6b4c22b6e2145fd37e40ec890b284399cf5fa216"
                    ],
                    "short_id": "9638a27d",
                    "title": "Tomshley Release Version v0.3.12 | develop | [skip ci]"
                  }
                ],
                "default": false,
                "developers_can_merge": false,
                "developers_can_push": false,
                "merged": false,
                "name": "feature/21-add-in-business-and-product-projects-and-groups",
                "protected": false,
                "web_url": "https://gitlab.com/tomshley/breakground-provisioning/-/tree/feature/21-add-in-business-and-product-projects-and-groups"
              },
              {
                "can_push": true,
                "commit": [
                  {
                    "author_email": "gitlab.comsgogglespm.coil197@passmail.net",
                    "author_name": "sgoggles",
                    "authored_date": "2023-09-24T14:09:17-04:00",
                    "committed_date": "2023-09-24T14:09:17-04:00",
                    "committer_email": "gitlab.comsgogglespm.coil197@passmail.net",
                    "committer_name": "sgoggles",
                    "id": "b16ed29d06e5a7fa9591ca576e010a72e24384f5",
                    "message": "WIP tomshley/breakground-provisioning#21\n\nhttps://gitlab.com/tomshley/breakground-provisioning/-/issues/21\n",
                    "parent_ids": [
                      "57e1a5d121576486850976706fc152287de65b9d"
                    ],
                    "short_id": "b16ed29d",
                    "title": "WIP tomshley/breakground-provisioning#21"
                  }
                ],
                "default": false,
                "developers_can_merge": false,
                "developers_can_push": false,
                "merged": false,
                "name": "feature/21-attempt-to-merge-develop-to-feature-branches",
                "protected": false,
                "web_url": "https://gitlab.com/tomshley/breakground-provisioning/-/tree/feature/21-attempt-to-merge-develop-to-feature-branches"
              },
              {
                "can_push": true,
                "commit": [
                  {
                    "author_email": "gitlab.comsgogglespm.coil197@passmail.net",
                    "author_name": "sgoggles",
                    "authored_date": "2023-10-09T23:08:09-04:00",
                    "committed_date": "2023-10-09T23:08:09-04:00",
                    "committer_email": "gitlab.comsgogglespm.coil197@passmail.net",
                    "committer_name": "sgoggles",
                    "id": "b8e295a0146cfae0030319cad66df93ff449145f",
                    "message": "WIP tomshley/breakground-provisioning#23\n\nhttps://gitlab.com/tomshley/breakground-provisioning/-/issues/23\n",
                    "parent_ids": [
                      "da37fc40abb5987c37a792bc1ed108899b268081"
                    ],
                    "short_id": "b8e295a0",
                    "title": "WIP tomshley/breakground-provisioning#23"
                  }
                ],
                "default": false,
                "developers_can_merge": false,
                "developers_can_push": false,
                "merged": true,
                "name": "feature/23-examples-group-with-initial-repo-dbflags",
                "protected": false,
                "web_url": "https://gitlab.com/tomshley/breakground-provisioning/-/tree/feature/23-examples-group-with-initial-repo-dbflags"
              },
              {
                "can_push": true,
                "commit": [
                  {
                    "author_email": "gitlab.comsgogglespm.coil197@passmail.net",
                    "author_name": "sgoggles",
                    "authored_date": "2023-10-14T14:12:11-04:00",
                    "committed_date": "2023-10-14T14:12:11-04:00",
                    "committer_email": "gitlab.comsgogglespm.coil197@passmail.net",
                    "committer_name": "sgoggles",
                    "id": "a2d2a5624931de34d9822867e427884e70cd9a0f",
                    "message": "WIP tomshley/breakground-provisioning#24\n\nhttps://gitlab.com/tomshley/breakground-provisioning/-/issues/24\n",
                    "parent_ids": [
                      "c3b3b8603d5906fbb7f858026df481d58fa2ca9b"
                    ],
                    "short_id": "a2d2a562",
                    "title": "WIP tomshley/breakground-provisioning#24"
                  }
                ],
                "default": false,
                "developers_can_merge": false,
                "developers_can_push": false,
                "merged": false,
                "name": "feature/24-hexagonal-plugins-github",
                "protected": false,
                "web_url": "https://gitlab.com/tomshley/breakground-provisioning/-/tree/feature/24-hexagonal-plugins-github"
              },
              {
                "can_push": true,
                "commit": [
                  {
                    "author_email": "gitlab.comsgogglespm.coil197@passmail.net",
                    "author_name": "sgoggles",
                    "authored_date": "2023-10-14T14:56:28-04:00",
                    "committed_date": "2023-10-14T14:56:28-04:00",
                    "committer_email": "gitlab.comsgogglespm.coil197@passmail.net",
                    "committer_name": "sgoggles",
                    "id": "d5a194c6da0e091c312e4a916b956adb77f80e26",
                    "message": "WIP tomshley/breakground-provisioning#25\n\nhttps://gitlab.com/tomshley/breakground-provisioning/-/issues/25\n",
                    "parent_ids": [
                      "070a47b4f80500b6700adc5b08f71fb9ae9fc1d7"
                    ],
                    "short_id": "d5a194c6",
                    "title": "WIP tomshley/breakground-provisioning#25"
                  }
                ],
                "default": false,
                "developers_can_merge": false,
                "developers_can_push": false,
                "merged": false,
                "name": "feature/25-jvm-lib-gitlab",
                "protected": false,
                "web_url": "https://gitlab.com/tomshley/breakground-provisioning/-/tree/feature/25-jvm-lib-gitlab"
              },
              {
                "can_push": true,
                "commit": [
                  {
                    "author_email": "gitlab.comsgogglespm.coil197@passmail.net",
                    "author_name": "sgoggles",
                    "authored_date": "2023-10-24T08:47:58-04:00",
                    "committed_date": "2023-10-24T08:47:58-04:00",
                    "committer_email": "gitlab.comsgogglespm.coil197@passmail.net",
                    "committer_name": "sgoggles",
                    "id": "807cc9d041a36b03e2f01ef4af48811335a3827c",
                    "message": "Merge branch 'develop' into feature/26-add-new-project\n",
                    "parent_ids": [
                      "7482fffacd7df2d0c00ecf82a6225fde6e02f445",
                      "c914f02d838fb134367950570a805da6d2356a40"
                    ],
                    "short_id": "807cc9d0",
                    "title": "Merge branch 'develop' into feature/26-add-new-project"
                  }
                ],
                "default": false,
                "developers_can_merge": false,
                "developers_can_push": false,
                "merged": false,
                "name": "feature/26-add-new-project",
                "protected": false,
                "web_url": "https://gitlab.com/tomshley/breakground-provisioning/-/tree/feature/26-add-new-project"
              },
              {
                "can_push": true,
                "commit": [
                  {
                    "author_email": "gitlab.comsgogglespm.coil197@passmail.net",
                    "author_name": "sgoggles",
                    "authored_date": "2023-10-24T08:42:51-04:00",
                    "committed_date": "2023-10-24T08:42:51-04:00",
                    "committer_email": "gitlab.comsgogglespm.coil197@passmail.net",
                    "committer_name": "sgoggles",
                    "id": "cd863260d54e94f42131e7e7cffb56dc88ed862f",
                    "message": "Resolves tomshley/breakground-provisioning#27\n\nhttps://gitlab.com/tomshley/breakground-provisioning/-/issues/27\n",
                    "parent_ids": [
                      "8da39c7ec5eec32e21171cd21c91433a2c78c3a8"
                    ],
                    "short_id": "cd863260",
                    "title": "Resolves tomshley/breakground-provisioning#27"
                  }
                ],
                "default": false,
                "developers_can_merge": false,
                "developers_can_push": false,
                "merged": false,
                "name": "feature/27-job-failed-5362202650-fix-docker-dependency",
                "protected": false,
                "web_url": "https://gitlab.com/tomshley/breakground-provisioning/-/tree/feature/27-job-failed-5362202650-fix-docker-dependency"
              },
              {
                "can_push": true,
                "commit": [
                  {
                    "author_email": "gitlab.comsgogglespm.coil197@passmail.net",
                    "author_name": "sgoggles",
                    "authored_date": "2023-10-24T08:47:33-04:00",
                    "committed_date": "2023-10-24T08:47:33-04:00",
                    "committer_email": "gitlab.comsgogglespm.coil197@passmail.net",
                    "committer_name": "sgoggles",
                    "id": "13b17a43cfd790a9d5c03c9d598fb987d9089b16",
                    "message": "Merge branch 'develop' into feature/28-time-badge-in-readme\n",
                    "parent_ids": [
                      "7482fffacd7df2d0c00ecf82a6225fde6e02f445",
                      "98ac627dc6a4c7116e4f8e706c2a74d110858463"
                    ],
                    "short_id": "13b17a43",
                    "title": "Merge branch 'develop' into feature/28-time-badge-in-readme"
                  }
                ],
                "default": false,
                "developers_can_merge": false,
                "developers_can_push": false,
                "merged": false,
                "name": "feature/28-time-badge-in-readme",
                "protected": false,
                "web_url": "https://gitlab.com/tomshley/breakground-provisioning/-/tree/feature/28-time-badge-in-readme"
              },
              {
                "can_push": true,
                "commit": [
                  {
                    "author_email": "gitlab.comsgogglespm.coil197@passmail.net",
                    "author_name": "sgoggles",
                    "authored_date": "2023-10-24T09:03:14-04:00",
                    "committed_date": "2023-10-24T09:03:14-04:00",
                    "committer_email": "gitlab.comsgogglespm.coil197@passmail.net",
                    "committer_name": "sgoggles",
                    "id": "e9fb48e1fbc19fbb3405f67137d17abd085bdd2f",
                    "message": "Merge branch 'develop' into feature/29-branch-not-protected-in-gh\n",
                    "parent_ids": [
                      "7d8a47aeadaba7fff59709d717fd45ac4d407107",
                      "abdd672c9760e31ae91a175c2ba3456132969faf"
                    ],
                    "short_id": "e9fb48e1",
                    "title": "Merge branch 'develop' into feature/29-branch-not-protected-in-gh"
                  }
                ],
                "default": false,
                "developers_can_merge": false,
                "developers_can_push": false,
                "merged": false,
                "name": "feature/29-branch-not-protected-in-gh",
                "protected": false,
                "web_url": "https://gitlab.com/tomshley/breakground-provisioning/-/tree/feature/29-branch-not-protected-in-gh"
              },
              {
                "can_push": true,
                "commit": [
                  {
                    "author_email": "gitlab.comsgogglespm.coil197@passmail.net",
                    "author_name": "sgoggles",
                    "authored_date": "2023-08-12T11:10:20-04:00",
                    "committed_date": "2023-08-12T11:10:20-04:00",
                    "committer_email": "gitlab.comsgogglespm.coil197@passmail.net",
                    "committer_name": "sgoggles",
                    "id": "18b77e99a8868c668920d3bf498ba4cc534d3cde",
                    "message": "Merge branch 'develop' into feature/3-setup-gitlab-cicd-for-breakground-provisioning\n",
                    "parent_ids": [
                      "82c04c69e4dc2468a8ef72d960c2e0cd37e40724",
                      "98fe5ceb6926fe8a8343debab06ea950eac4165e"
                    ],
                    "short_id": "18b77e99",
                    "title": "Merge branch 'develop' into feature/3-setup-gitlab-cicd-for-breakground-provisioning"
                  }
                ],
                "default": false,
                "developers_can_merge": false,
                "developers_can_push": false,
                "merged": false,
                "name": "feature/3-setup-gitlab-cicd-for-breakground-provisioning",
                "protected": false,
                "web_url": "https://gitlab.com/tomshley/breakground-provisioning/-/tree/feature/3-setup-gitlab-cicd-for-breakground-provisioning"
              },
              {
                "can_push": true,
                "commit": [
                  {
                    "author_email": "gitlab.comsgogglespm.coil197@passmail.net",
                    "author_name": "sgoggles",
                    "authored_date": "2023-08-29T12:59:53-04:00",
                    "committed_date": "2023-08-29T12:59:53-04:00",
                    "committer_email": "gitlab.comsgogglespm.coil197@passmail.net",
                    "committer_name": "sgoggles",
                    "id": "79f97bc6067e1b00769e84d8449ac87c4db20858",
                    "message": "tomshley/breakground-provisioning#3\n\nhttps://gitlab.com/tomshley/breakground-provisioning/-/issues/3\n",
                    "parent_ids": [
                      "02c095f16beb0ab52608440848e5e72ab8834bd4"
                    ],
                    "short_id": "79f97bc6",
                    "title": "tomshley/breakground-provisioning#3"
                  }
                ],
                "default": false,
                "developers_can_merge": false,
                "developers_can_push": false,
                "merged": false,
                "name": "feature/3-update-python3-to-3-11-5-r0",
                "protected": false,
                "web_url": "https://gitlab.com/tomshley/breakground-provisioning/-/tree/feature/3-update-python3-to-3-11-5-r0"
              },
              {
                "can_push": true,
                "commit": [
                  {
                    "author_email": "gitlab.comsgogglespm.coil197@passmail.net",
                    "author_name": "sgoggles",
                    "authored_date": "2023-12-26T21:27:02-05:00",
                    "committed_date": "2023-12-26T21:27:02-05:00",
                    "committer_email": "gitlab.comsgogglespm.coil197@passmail.net",
                    "committer_name": "sgoggles",
                    "id": "f1dc25f1a558f1527490908891bb7edd92de601f",
                    "message": "Merge branch 'develop' into feature/31-use-artifacts-for-deploys\n",
                    "parent_ids": [
                      "1a369f4a0a2547eeb02fab9b6ecc08e28becd244",
                      "dbbefb02bca4a10ebb8c1508e5af2b827bd8c6a5"
                    ],
                    "short_id": "f1dc25f1",
                    "title": "Merge branch 'develop' into feature/31-use-artifacts-for-deploys"
                  }
                ],
                "default": false,
                "developers_can_merge": false,
                "developers_can_push": false,
                "merged": false,
                "name": "feature/31-use-artifacts-for-deploys",
                "protected": false,
                "web_url": "https://gitlab.com/tomshley/breakground-provisioning/-/tree/feature/31-use-artifacts-for-deploys"
              },
              {
                "can_push": true,
                "commit": [
                  {
                    "author_email": "gitlab.comsgogglespm.coil197@passmail.net",
                    "author_name": "Tom Schena",
                    "authored_date": "2023-12-27T00:34:44Z",
                    "committed_date": "2023-12-27T00:34:44Z",
                    "committer_email": "gitlab.comsgogglespm.coil197@passmail.net",
                    "committer_name": "Tom Schena",
                    "id": "c927867257978e3ebbde6925dbd4477acee77b84",
                    "message": "Merge branch 'develop' into 'feature/36-reconcile-repo-names-for-paste'\n\n# Conflicts:\n#   terraform/backends/local/.terraform.lock.hcl",
                    "parent_ids": [
                      "ca7300477cc6bc92b3f146a297c8233ab97e4a52",
                      "d41d1a9c5395b634735be28732f4404fbf0a2f48"
                    ],
                    "short_id": "c9278672",
                    "title": "Merge branch 'develop' into 'feature/36-reconcile-repo-names-for-paste'"
                  }
                ],
                "default": false,
                "developers_can_merge": false,
                "developers_can_push": false,
                "merged": false,
                "name": "feature/36-reconcile-repo-names-for-paste",
                "protected": false,
                "web_url": "https://gitlab.com/tomshley/breakground-provisioning/-/tree/feature/36-reconcile-repo-names-for-paste"
              },
              {
                "can_push": true,
                "commit": [
                  {
                    "author_email": "gitlab.comsgogglespm.coil197@passmail.net",
                    "author_name": "Tom Schena",
                    "authored_date": "2023-12-27T00:33:49Z",
                    "committed_date": "2023-12-27T00:33:49Z",
                    "committer_email": "gitlab.comsgogglespm.coil197@passmail.net",
                    "committer_name": "Tom Schena",
                    "id": "e3b4a78f51476bd436bc60e5097304442b852327",
                    "message": "Merge branch 'develop' into 'feature/37-aws-gen-ai-builder-session-20231101'\n\n# Conflicts:\n#   terraform/backends/local/.terraform.lock.hcl\n#   terraform/backends/remote/main.tf",
                    "parent_ids": [
                      "ca7300477cc6bc92b3f146a297c8233ab97e4a52",
                      "d328373c49dfc7ff081d54acd5373edf788d4749"
                    ],
                    "short_id": "e3b4a78f",
                    "title": "Merge branch 'develop' into 'feature/37-aws-gen-ai-builder-session-20231101'"
                  }
                ],
                "default": false,
                "developers_can_merge": false,
                "developers_can_push": false,
                "merged": false,
                "name": "feature/37-aws-gen-ai-builder-session-20231101",
                "protected": false,
                "web_url": "https://gitlab.com/tomshley/breakground-provisioning/-/tree/feature/37-aws-gen-ai-builder-session-20231101"
              },
              {
                "can_push": true,
                "commit": [
                  {
                    "author_email": "gitlab.comsgogglespm.coil197@passmail.net",
                    "author_name": "sgoggles",
                    "authored_date": "2023-12-26T18:20:14-05:00",
                    "committed_date": "2023-12-26T18:20:14-05:00",
                    "committer_email": "gitlab.comsgogglespm.coil197@passmail.net",
                    "committer_name": "sgoggles",
                    "id": "947abdf689bde28db7e1f093017f0ff8197179fa",
                    "message": "Merge branch 'develop' into feature/38-aws-reinvent-2023-2\n",
                    "parent_ids": [
                      "b8203fbf3242b7cf3171a64f443265ae857444ce",
                      "d0ac8a4665df017f2ff9857a4a8b8f865bb18a5b"
                    ],
                    "short_id": "947abdf6",
                    "title": "Merge branch 'develop' into feature/38-aws-reinvent-2023-2"
                  }
                ],
                "default": false,
                "developers_can_merge": false,
                "developers_can_push": false,
                "merged": false,
                "name": "feature/38-aws-reinvent-2023-2",
                "protected": false,
                "web_url": "https://gitlab.com/tomshley/breakground-provisioning/-/tree/feature/38-aws-reinvent-2023-2"
              },
              {
                "can_push": true,
                "commit": [
                  {
                    "author_email": "gitlab.comsgogglespm.coil197@passmail.net",
                    "author_name": "sgoggles",
                    "authored_date": "2023-08-30T09:34:09-04:00",
                    "committed_date": "2023-08-30T09:34:09-04:00",
                    "committer_email": "gitlab.comsgogglespm.coil197@passmail.net",
                    "committer_name": "sgoggles",
                    "id": "eb912485d892c1e99b3cb2f231b94343a4062a80",
                    "message": "tomshley/breakground-provisioning#4\n\nhttps://gitlab.com/tomshley/breakground-provisioning/-/issues/4\n",
                    "parent_ids": [
                      "f2c1bd34fd01c6ea362d1978634fa811cc601181"
                    ],
                    "short_id": "eb912485",
                    "title": "tomshley/breakground-provisioning#4"
                  }
                ],
                "default": false,
                "developers_can_merge": false,
                "developers_can_push": false,
                "merged": false,
                "name": "feature/4-increase-saas-runner-for-apply-stage",
                "protected": false,
                "web_url": "https://gitlab.com/tomshley/breakground-provisioning/-/tree/feature/4-increase-saas-runner-for-apply-stage"
              },
              {
                "can_push": true,
                "commit": [
                  {
                    "author_email": "gitlab.comsgogglespm.coil197@passmail.net",
                    "author_name": "sgoggles",
                    "authored_date": "2024-02-09T10:29:43-05:00",
                    "committed_date": "2024-02-09T10:29:43-05:00",
                    "committer_email": "gitlab.comsgogglespm.coil197@passmail.net",
                    "committer_name": "sgoggles",
                    "id": "cded715117986b8edcf0fec09ba97cb603ee55e4",
                    "message": "WIP tomshley/breakground-provisioning#43\n\nhttps://gitlab.com/tomshley/breakground-provisioning/-/issues/43\n",
                    "parent_ids": [
                      "a97f2b82ef34e2516adb3e8e83f9a24bf4b5dee4"
                    ],
                    "short_id": "cded7151",
                    "title": "WIP tomshley/breakground-provisioning#43"
                  }
                ],
                "default": false,
                "developers_can_merge": false,
                "developers_can_push": false,
                "merged": false,
                "name": "feature/43-template-fixes",
                "protected": false,
                "web_url": "https://gitlab.com/tomshley/breakground-provisioning/-/tree/feature/43-template-fixes"
              },
              {
                "can_push": true,
                "commit": [
                  {
                    "author_email": "gitlab.comsgogglespm.coil197@passmail.net",
                    "author_name": "sgoggles",
                    "authored_date": "2024-08-02T19:24:38-04:00",
                    "committed_date": "2024-08-02T19:24:38-04:00",
                    "committer_email": "gitlab.comsgogglespm.coil197@passmail.net",
                    "committer_name": "sgoggles",
                    "id": "23875e6e71c3d4a67cba23cc3f36ed6e6126d6fa",
                    "message": "WIP tomshley/breakground-provisioning#46\n\nhttps://gitlab.com/tomshley/breakground-provisioning/-/issues/46\n",
                    "parent_ids": [
                      "0b0cb94ebc26719af7a15fa0c6dae8f0be62150c"
                    ],
                    "short_id": "23875e6e",
                    "title": "WIP tomshley/breakground-provisioning#46"
                  }
                ],
                "default": false,
                "developers_can_merge": false,
                "developers_can_push": false,
                "merged": false,
                "name": "feature/46-chuck-machinery",
                "protected": false,
                "web_url": "https://gitlab.com/tomshley/breakground-provisioning/-/tree/feature/46-chuck-machinery"
              },
              {
                "can_push": true,
                "commit": [
                  {
                    "author_email": "gitlab.comsgogglespm.coil197@passmail.net",
                    "author_name": "sgoggles",
                    "authored_date": "2023-09-02T16:25:30-04:00",
                    "committed_date": "2023-09-02T16:25:30-04:00",
                    "committer_email": "gitlab.comsgogglespm.coil197@passmail.net",
                    "committer_name": "sgoggles",
                    "id": "aaf57541f3da2fb53c642ec9638d3473a3d4b68c",
                    "message": "Merge branch 'develop' into feature/5-create-a-docker-image-for-breakground-terraform-builds\n",
                    "parent_ids": [
                      "74acb1ae9761728a80fd32f5c0129239aaf6a0fd",
                      "ba290870da96ed29814e3f7ea0715f5cf7b476b2"
                    ],
                    "short_id": "aaf57541",
                    "title": "Merge branch 'develop' into feature/5-create-a-docker-image-for-breakground-terraform-builds"
                  }
                ],
                "default": false,
                "developers_can_merge": false,
                "developers_can_push": false,
                "merged": false,
                "name": "feature/5-create-a-docker-image-for-breakground-terraform-builds",
                "protected": false,
                "web_url": "https://gitlab.com/tomshley/breakground-provisioning/-/tree/feature/5-create-a-docker-image-for-breakground-terraform-builds"
              },
              {
                "can_push": true,
                "commit": [
                  {
                    "author_email": "gitlab.comsgogglespm.coil197@passmail.net",
                    "author_name": "sgoggles",
                    "authored_date": "2023-09-09T05:50:40-04:00",
                    "committed_date": "2023-09-09T05:50:40-04:00",
                    "committer_email": "gitlab.comsgogglespm.coil197@passmail.net",
                    "committer_name": "sgoggles",
                    "id": "c712038d0741cc7f45ddbd8d334d559373f935c6",
                    "message": "Fixes tomshley/breakground-provisioning#5\n\nhttps://gitlab.com/tomshley/breakground-provisioning/-/issues/5\n",
                    "parent_ids": [
                      "4ecb625b90180532b189907d23695190c96e314a"
                    ],
                    "short_id": "c712038d",
                    "title": "Fixes tomshley/breakground-provisioning#5"
                  }
                ],
                "default": false,
                "developers_can_merge": false,
                "developers_can_push": false,
                "merged": false,
                "name": "feature/5-protected-branch-functionality-for-gitlab-and-github",
                "protected": false,
                "web_url": "https://gitlab.com/tomshley/breakground-provisioning/-/tree/feature/5-protected-branch-functionality-for-gitlab-and-github"
              },
              {
                "can_push": true,
                "commit": [
                  {
                    "author_email": "gitlab.comsgogglespm.coil197@passmail.net",
                    "author_name": "sgoggles",
                    "authored_date": "2023-08-12T11:10:49-04:00",
                    "committed_date": "2023-08-12T11:10:49-04:00",
                    "committer_email": "gitlab.comsgogglespm.coil197@passmail.net",
                    "committer_name": "sgoggles",
                    "id": "dae9633480f06f7b09272d93e50c7df6482ed34f",
                    "message": "Merge branch 'develop' into feature/6-create-tag-based-on-a-release-when-develop-is-healthy\n",
                    "parent_ids": [
                      "161f384874f93b73896915bc11f41e49a3ad30d3",
                      "82c04c69e4dc2468a8ef72d960c2e0cd37e40724"
                    ],
                    "short_id": "dae96334",
                    "title": "Merge branch 'develop' into feature/6-create-tag-based-on-a-release-when-develop-is-healthy"
                  }
                ],
                "default": false,
                "developers_can_merge": false,
                "developers_can_push": false,
                "merged": false,
                "name": "feature/6-create-tag-based-on-a-release-when-develop-is-healthy",
                "protected": false,
                "web_url": "https://gitlab.com/tomshley/breakground-provisioning/-/tree/feature/6-create-tag-based-on-a-release-when-develop-is-healthy"
              },
              {
                "can_push": true,
                "commit": [
                  {
                    "author_email": "gitlab.comsgogglespm.coil197@passmail.net",
                    "author_name": "sgoggles",
                    "authored_date": "2023-08-12T11:11:14-04:00",
                    "committed_date": "2023-08-12T11:11:14-04:00",
                    "committer_email": "gitlab.comsgogglespm.coil197@passmail.net",
                    "committer_name": "sgoggles",
                    "id": "1108ac06552d44d5454b679a2b21321c9db6f6b6",
                    "message": "Merge branch 'develop' into feature/7-job-failed-4767756040\n",
                    "parent_ids": [
                      "82c04c69e4dc2468a8ef72d960c2e0cd37e40724",
                      "be96f8a922a8d9c6cf95aafdf97918beedfbe0a8"
                    ],
                    "short_id": "1108ac06",
                    "title": "Merge branch 'develop' into feature/7-job-failed-4767756040"
                  }
                ],
                "default": false,
                "developers_can_merge": false,
                "developers_can_push": false,
                "merged": false,
                "name": "feature/7-job-failed-4767756040",
                "protected": false,
                "web_url": "https://gitlab.com/tomshley/breakground-provisioning/-/tree/feature/7-job-failed-4767756040"
              },
              {
                "can_push": true,
                "commit": [
                  {
                    "author_email": "gitlab.comsgogglespm.coil197@passmail.net",
                    "author_name": "Tom Schena",
                    "authored_date": "2023-08-12T15:21:08Z",
                    "committed_date": "2023-08-12T11:34:47-04:00",
                    "committer_email": "gitlab.comsgogglespm.coil197@passmail.net",
                    "committer_name": "sgoggles",
                    "id": "d95ecd4eaf42944cec83f928ef083c55c8d2f810",
                    "message": "WIP: feature/3-setup-gitlab-cicd-for-breakground-provisioning\n",
                    "parent_ids": [
                      "e7cb366da6f61e54d4769b101b89d944300dcc9c"
                    ],
                    "short_id": "d95ecd4e",
                    "title": "WIP: feature/3-setup-gitlab-cicd-for-breakground-provisioning"
                  }
                ],
                "default": false,
                "developers_can_merge": false,
                "developers_can_push": false,
                "merged": false,
                "name": "feature/8-docker-buildx-dind-for-piplines",
                "protected": false,
                "web_url": "https://gitlab.com/tomshley/breakground-provisioning/-/tree/feature/8-docker-buildx-dind-for-piplines"
              },
              {
                "can_push": true,
                "commit": [
                  {
                    "author_email": "gitlab.comsgogglespm.coil197@passmail.net",
                    "author_name": "sgoggles",
                    "authored_date": "2023-10-24T10:26:36-04:00",
                    "committed_date": "2023-10-24T10:26:36-04:00",
                    "committer_email": "gitlab.comsgogglespm.coil197@passmail.net",
                    "committer_name": "sgoggles",
                    "id": "40e731bbf84181aba034bc8def6864647a864116",
                    "message": "Resolves tomshley/breakground-provisioning#8\n\nhttps://gitlab.com/tomshley/breakground-provisioning/-/issues/8\n",
                    "parent_ids": [
                      "cd9a5cd301ff5354d869754f27d35d9cd32f292d"
                    ],
                    "short_id": "40e731bb",
                    "title": "Resolves tomshley/breakground-provisioning#8"
                  }
                ],
                "default": false,
                "developers_can_merge": false,
                "developers_can_push": false,
                "merged": false,
                "name": "feature/8-model-rest-of-git-flow-in-cicd-pipeline",
                "protected": false,
                "web_url": "https://gitlab.com/tomshley/breakground-provisioning/-/tree/feature/8-model-rest-of-git-flow-in-cicd-pipeline"
              },
              {
                "can_push": true,
                "commit": [
                  {
                    "author_email": "gitlab.comsgogglespm.coil197@passmail.net",
                    "author_name": "sgoggles",
                    "authored_date": "2023-08-12T11:34:30-04:00",
                    "committed_date": "2023-08-12T11:34:30-04:00",
                    "committer_email": "gitlab.comsgogglespm.coil197@passmail.net",
                    "committer_name": "sgoggles",
                    "id": "0d29dde390835e9803c0a10d873184e86a063ec1",
                    "message": "Merge branch 'develop' into feature/9-mirror-breakground-provisioning-to-gh\n",
                    "parent_ids": [
                      "161aeb3395f84f0d8aea34f758a090e354ba5fd5",
                      "90ab54f4c8a62682eb4a3dbe4c61fa9ac731feb2"
                    ],
                    "short_id": "0d29dde3",
                    "title": "Merge branch 'develop' into feature/9-mirror-breakground-provisioning-to-gh"
                  }
                ],
                "default": false,
                "developers_can_merge": false,
                "developers_can_push": false,
                "merged": false,
                "name": "feature/9-mirror-breakground-provisioning-to-gh",
                "protected": false,
                "web_url": "https://gitlab.com/tomshley/breakground-provisioning/-/tree/feature/9-mirror-breakground-provisioning-to-gh"
              },
              {
                "can_push": true,
                "commit": [
                  {
                    "author_email": "gitlab.comsgogglespm.coil197@passmail.net",
                    "author_name": "sgoggles",
                    "authored_date": "2023-10-24T09:50:46-04:00",
                    "committed_date": "2023-10-24T09:50:46-04:00",
                    "committer_email": "gitlab.comsgogglespm.coil197@passmail.net",
                    "committer_name": "sgoggles",
                    "id": "6c3c22c96e882aeca157b37d67d8ccdea36e4d6b",
                    "message": "Resolves tomshley/breakground-provisioning#30\n\nhttps://gitlab.com/tomshley/breakground-provisioning/-/issues/30\n",
                    "parent_ids": [
                      "20d5fcb793ff874c6d40163c20d79377b2f679a7"
                    ],
                    "short_id": "6c3c22c9",
                    "title": "Resolves tomshley/breakground-provisioning#30"
                  }
                ],
                "default": false,
                "developers_can_merge": false,
                "developers_can_push": false,
                "merged": true,
                "name": "hotfix/30-job-failed-5362635948",
                "protected": false,
                "web_url": "https://gitlab.com/tomshley/breakground-provisioning/-/tree/hotfix/30-job-failed-5362635948"
              },
              {
                "can_push": true,
                "commit": [
                  {
                    "author_email": "gitlab.comsgogglespm.coil197@passmail.net",
                    "author_name": "sgoggles",
                    "authored_date": "2023-10-24T11:42:49-04:00",
                    "committed_date": "2023-10-24T11:42:49-04:00",
                    "committer_email": "gitlab.comsgogglespm.coil197@passmail.net",
                    "committer_name": "sgoggles",
                    "id": "575ca09d14dad67ab738f417ec03c14e0e79f0af",
                    "message": "Resolves tomshley/breakground-provisioning#33\n\nhttps://gitlab.com/tomshley/breakground-provisioning/-/issues/33\n",
                    "parent_ids": [
                      "a4b56804656c9f2772208820d13cc5d88d1c64dc"
                    ],
                    "short_id": "575ca09d",
                    "title": "Resolves tomshley/breakground-provisioning#33"
                  }
                ],
                "default": false,
                "developers_can_merge": false,
                "developers_can_push": false,
                "merged": true,
                "name": "hotfix/33-fix-github-control-of-breakground-provisioning",
                "protected": false,
                "web_url": "https://gitlab.com/tomshley/breakground-provisioning/-/tree/hotfix/33-fix-github-control-of-breakground-provisioning"
              },
              {
                "can_push": true,
                "commit": [
                  {
                    "author_email": "gitlab.comsgogglespm.coil197@passmail.net",
                    "author_name": "sgoggles",
                    "authored_date": "2023-10-25T20:34:42-04:00",
                    "committed_date": "2023-10-25T20:34:42-04:00",
                    "committer_email": "gitlab.comsgogglespm.coil197@passmail.net",
                    "committer_name": "sgoggles",
                    "id": "8da27d822ad429ca283837205ed753f3d1442b7a",
                    "message": "Resolves tomshley/breakground-provisioning#34\n\nhttps://gitlab.com/tomshley/breakground-provisioning/-/issues/34\n",
                    "parent_ids": [
                      "f8c629c3efd9e3cc93e5dafed24191538c3bc27a"
                    ],
                    "short_id": "8da27d82",
                    "title": "Resolves tomshley/breakground-provisioning#34"
                  }
                ],
                "default": false,
                "developers_can_merge": false,
                "developers_can_push": false,
                "merged": true,
                "name": "hotfix/34-mirrors-aren-t-syncing",
                "protected": false,
                "web_url": "https://gitlab.com/tomshley/breakground-provisioning/-/tree/hotfix/34-mirrors-aren-t-syncing"
              },
              {
                "can_push": true,
                "commit": [
                  {
                    "author_email": "gitlab.comsgogglespm.coil197@passmail.net",
                    "author_name": "sgoggles",
                    "authored_date": "2023-10-25T13:38:46-04:00",
                    "committed_date": "2023-10-25T13:38:46-04:00",
                    "committer_email": "gitlab.comsgogglespm.coil197@passmail.net",
                    "committer_name": "sgoggles",
                    "id": "17d26d0ad47eeb204a3b91232c6a62db6f913780",
                    "message": "Resolves tomshley/breakground-provisioning#35\n\nhttps://gitlab.com/tomshley/breakground-provisioning/-/issues/35\n",
                    "parent_ids": [
                      "babe9bdee738e13bf49f1d4dd359e4d09dec42c7"
                    ],
                    "short_id": "17d26d0a",
                    "title": "Resolves tomshley/breakground-provisioning#35"
                  }
                ],
                "default": false,
                "developers_can_merge": false,
                "developers_can_push": false,
                "merged": true,
                "name": "hotfix/35-job-failed-5374790259",
                "protected": false,
                "web_url": "https://gitlab.com/tomshley/breakground-provisioning/-/tree/hotfix/35-job-failed-5374790259"
              },
              {
                "can_push": true,
                "commit": [
                  {
                    "author_email": "gitlab.comsgogglespm.coil197@passmail.net",
                    "author_name": "sgoggles",
                    "authored_date": "2024-08-05T19:04:59-04:00",
                    "committed_date": "2024-08-05T19:04:59-04:00",
                    "committer_email": "gitlab.comsgogglespm.coil197@passmail.net",
                    "committer_name": "sgoggles",
                    "id": "ee84b5df4d07cfa7256a5edb4a41328a4a82bdf3",
                    "message": "Revert \"Merge branch 'feature/45-tomshley-repositories' into 'main'\"\n\nThis reverts commit f5ed81ca7248b5a98fc823b3ecd876c5f3737895, reversing\nchanges made to 16d1efd17cb633e1dbd251136a02f93069d065d5.\n",
                    "parent_ids": [
                      "f5ed81ca7248b5a98fc823b3ecd876c5f3737895"
                    ],
                    "short_id": "ee84b5df",
                    "title": "Revert \"Merge branch 'feature/45-tomshley-repositories' into 'main'\""
                  }
                ],
                "default": true,
                "developers_can_merge": false,
                "developers_can_push": false,
                "merged": false,
                "name": "main",
                "protected": true,
                "web_url": "https://gitlab.com/tomshley/breakground-provisioning/-/tree/main"
              },
              {
                "can_push": true,
                "commit": [
                  {
                    "author_email": "gitlab.comsgogglespm.coil197@passmail.net",
                    "author_name": "sgoggles",
                    "authored_date": "2023-10-24T10:43:36-04:00",
                    "committed_date": "2023-10-24T10:43:36-04:00",
                    "committer_email": "gitlab.comsgogglespm.coil197@passmail.net",
                    "committer_name": "sgoggles",
                    "id": "5c86c7587b4fd82e34a5b34dd3f6b5b25bf7c2ec",
                    "message": "Tomshley Release Version v0.4.0\n",
                    "parent_ids": [
                      "b994de6ed63885eff5257c3988a57439c3a653d5"
                    ],
                    "short_id": "5c86c758",
                    "title": "Tomshley Release Version v0.4.0"
                  }
                ],
                "default": false,
                "developers_can_merge": false,
                "developers_can_push": false,
                "merged": true,
                "name": "release/v0.4.0",
                "protected": false,
                "web_url": "https://gitlab.com/tomshley/breakground-provisioning/-/tree/release/v0.4.0"
              },
              {
                "can_push": true,
                "commit": [
                  {
                    "author_email": "gitlab.comsgogglespm.coil197@passmail.net",
                    "author_name": "Tom Schena",
                    "authored_date": "2024-08-05T23:32:50Z",
                    "committed_date": "2024-08-05T23:32:50Z",
                    "committer_email": "gitlab.comsgogglespm.coil197@passmail.net",
                    "committer_name": "Tom Schena",
                    "id": "99e18061b5e2017fbc7dac53b7bbae64734a7eca",
                    "message": "Including local TF state | bumping version to v0.5.7\n",
                    "parent_ids": [
                      "fd42bdb4f991aa0b3e85b05f594de355fd5cdaf5"
                    ],
                    "short_id": "99e18061",
                    "title": "Including local TF state | bumping version to v0.5.7"
                  }
                ],
                "default": false,
                "developers_can_merge": false,
                "developers_can_push": false,
                "merged": false,
                "name": "release/v0.5.7",
                "protected": false,
                "web_url": "https://gitlab.com/tomshley/breakground-provisioning/-/tree/release/v0.5.7"
              }
            ],
            "id": "50663307",
            "project": "50663307"
          },
          "sensitive_attributes": []
        }
      ]
    },
    {
      "module": "module.provisioning-backends-local-gl.module.provisioning-generic-organization-gitlab",
      "mode": "managed",
      "type": "gitlab_branch",
      "name": "group_projects_branch_integration",
      "provider": "provider[\"registry.opentofu.org/gitlabhq/gitlab\"]",
      "instances": [
        {
          "index_key": "integrationdevelopbreakground-provisioning",
          "schema_version": 0,
          "attributes": {
            "can_push": true,
            "commit": [
              {
                "author_email": "gitlab.comsgogglespm.coil197@passmail.net",
                "author_name": "sgoggles",
                "authored_date": "2024-08-05T19:20:33-04:00",
                "committed_date": "2024-08-05T19:20:33-04:00",
                "committer_email": "gitlab.comsgogglespm.coil197@passmail.net",
                "committer_name": "sgoggles",
                "id": "fd42bdb4f991aa0b3e85b05f594de355fd5cdaf5",
                "message": "Including local TF state\n",
                "parent_ids": [
                  "e929651e5566a30f827b303d3cbea64e0d03632a"
                ],
                "short_id": "fd42bdb4",
                "title": "Including local TF state"
              }
            ],
            "default": false,
            "developer_can_merge": false,
            "developer_can_push": false,
            "id": "50663307:develop",
            "merged": false,
            "name": "develop",
            "project": "50663307",
            "protected": true,
            "ref": "main",
            "web_url": "https://gitlab.com/tomshley/breakground-provisioning/-/tree/develop"
          },
          "sensitive_attributes": [],
          "private": "bnVsbA==",
          "dependencies": [
            "module.provisioning-backends-local-gl.module.provisioning-generic-organization-github.github_repository.repositories",
            "module.provisioning-backends-local-gl.module.provisioning-generic-organization-gitlab.data.gitlab_group.groups",
            "module.provisioning-backends-local-gl.module.provisioning-generic-organization-gitlab.data.gitlab_group.owner_group",
            "module.provisioning-backends-local-gl.module.provisioning-generic-organization-gitlab.data.gitlab_project_branches.group_projects_branch_production_exists_data",
            "module.provisioning-backends-local-gl.module.provisioning-generic-organization-gitlab.gitlab_group.groups_map_level_1",
            "module.provisioning-backends-local-gl.module.provisioning-generic-organization-gitlab.gitlab_group.groups_map_level_10",
            "module.provisioning-backends-local-gl.module.provisioning-generic-organization-gitlab.gitlab_group.groups_map_level_2",
            "module.provisioning-backends-local-gl.module.provisioning-generic-organization-gitlab.gitlab_group.groups_map_level_3",
            "module.provisioning-backends-local-gl.module.provisioning-generic-organization-gitlab.gitlab_group.groups_map_level_4",
            "module.provisioning-backends-local-gl.module.provisioning-generic-organization-gitlab.gitlab_group.groups_map_level_5",
            "module.provisioning-backends-local-gl.module.provisioning-generic-organization-gitlab.gitlab_group.groups_map_level_6",
            "module.provisioning-backends-local-gl.module.provisioning-generic-organization-gitlab.gitlab_group.groups_map_level_7",
            "module.provisioning-backends-local-gl.module.provisioning-generic-organization-gitlab.gitlab_group.groups_map_level_8",
            "module.provisioning-backends-local-gl.module.provisioning-generic-organization-gitlab.gitlab_group.groups_map_level_9",
            "module.provisioning-backends-local-gl.module.provisioning-generic-organization-gitlab.gitlab_project.group_projects"
          ]
        }
      ]
    },
    {
      "module": "module.provisioning-backends-local-gl.module.provisioning-generic-organization-gitlab",
      "mode": "managed",
      "type": "gitlab_branch_protection",
      "name": "group_projects_protected_branches",
      "provider": "provider[\"registry.opentofu.org/gitlabhq/gitlab\"]",
      "instances": [
        {
          "index_key": "integrationdevelopbreakground-provisioning",
          "schema_version": 1,
          "attributes": {
            "allow_force_push": false,
            "allowed_to_merge": [],
            "allowed_to_push": [],
            "allowed_to_unprotect": [],
            "branch": "develop",
            "branch_protection_id": 78657769,
            "code_owner_approval_required": false,
            "id": "50663307:develop",
            "merge_access_level": "maintainer",
            "project": "50663307",
            "push_access_level": "maintainer",
            "unprotect_access_level": "maintainer"
          },
          "sensitive_attributes": [],
          "dependencies": [
            "module.provisioning-backends-local-gl.module.provisioning-generic-organization-github.github_repository.repositories",
            "module.provisioning-backends-local-gl.module.provisioning-generic-organization-gitlab.data.gitlab_group.groups",
            "module.provisioning-backends-local-gl.module.provisioning-generic-organization-gitlab.data.gitlab_group.owner_group",
            "module.provisioning-backends-local-gl.module.provisioning-generic-organization-gitlab.data.gitlab_project_branches.group_projects_branch_production_exists_data",
            "module.provisioning-backends-local-gl.module.provisioning-generic-organization-gitlab.gitlab_branch.group_projects_branch_integration",
            "module.provisioning-backends-local-gl.module.provisioning-generic-organization-gitlab.gitlab_group.groups_map_level_1",
            "module.provisioning-backends-local-gl.module.provisioning-generic-organization-gitlab.gitlab_group.groups_map_level_10",
            "module.provisioning-backends-local-gl.module.provisioning-generic-organization-gitlab.gitlab_group.groups_map_level_2",
            "module.provisioning-backends-local-gl.module.provisioning-generic-organization-gitlab.gitlab_group.groups_map_level_3",
            "module.provisioning-backends-local-gl.module.provisioning-generic-organization-gitlab.gitlab_group.groups_map_level_4",
            "module.provisioning-backends-local-gl.module.provisioning-generic-organization-gitlab.gitlab_group.groups_map_level_5",
            "module.provisioning-backends-local-gl.module.provisioning-generic-organization-gitlab.gitlab_group.groups_map_level_6",
            "module.provisioning-backends-local-gl.module.provisioning-generic-organization-gitlab.gitlab_group.groups_map_level_7",
            "module.provisioning-backends-local-gl.module.provisioning-generic-organization-gitlab.gitlab_group.groups_map_level_8",
            "module.provisioning-backends-local-gl.module.provisioning-generic-organization-gitlab.gitlab_group.groups_map_level_9",
            "module.provisioning-backends-local-gl.module.provisioning-generic-organization-gitlab.gitlab_project.group_projects"
          ]
        },
        {
          "index_key": "productionmainbreakground-provisioning",
          "schema_version": 1,
          "attributes": {
            "allow_force_push": false,
            "allowed_to_merge": [],
            "allowed_to_push": [],
            "allowed_to_unprotect": [],
            "branch": "main",
            "branch_protection_id": 78657770,
            "code_owner_approval_required": false,
            "id": "50663307:main",
            "merge_access_level": "maintainer",
            "project": "50663307",
            "push_access_level": "maintainer",
            "unprotect_access_level": "maintainer"
          },
          "sensitive_attributes": [],
          "dependencies": [
            "module.provisioning-backends-local-gl.module.provisioning-generic-organization-github.github_repository.repositories",
            "module.provisioning-backends-local-gl.module.provisioning-generic-organization-gitlab.data.gitlab_group.groups",
            "module.provisioning-backends-local-gl.module.provisioning-generic-organization-gitlab.data.gitlab_group.owner_group",
            "module.provisioning-backends-local-gl.module.provisioning-generic-organization-gitlab.data.gitlab_project_branches.group_projects_branch_production_exists_data",
            "module.provisioning-backends-local-gl.module.provisioning-generic-organization-gitlab.gitlab_branch.group_projects_branch_integration",
            "module.provisioning-backends-local-gl.module.provisioning-generic-organization-gitlab.gitlab_group.groups_map_level_1",
            "module.provisioning-backends-local-gl.module.provisioning-generic-organization-gitlab.gitlab_group.groups_map_level_10",
            "module.provisioning-backends-local-gl.module.provisioning-generic-organization-gitlab.gitlab_group.groups_map_level_2",
            "module.provisioning-backends-local-gl.module.provisioning-generic-organization-gitlab.gitlab_group.groups_map_level_3",
            "module.provisioning-backends-local-gl.module.provisioning-generic-organization-gitlab.gitlab_group.groups_map_level_4",
            "module.provisioning-backends-local-gl.module.provisioning-generic-organization-gitlab.gitlab_group.groups_map_level_5",
            "module.provisioning-backends-local-gl.module.provisioning-generic-organization-gitlab.gitlab_group.groups_map_level_6",
            "module.provisioning-backends-local-gl.module.provisioning-generic-organization-gitlab.gitlab_group.groups_map_level_7",
            "module.provisioning-backends-local-gl.module.provisioning-generic-organization-gitlab.gitlab_group.groups_map_level_8",
            "module.provisioning-backends-local-gl.module.provisioning-generic-organization-gitlab.gitlab_group.groups_map_level_9",
            "module.provisioning-backends-local-gl.module.provisioning-generic-organization-gitlab.gitlab_project.group_projects"
          ]
        }
      ]
    },
    {
      "module": "module.provisioning-backends-local-gl.module.provisioning-generic-organization-gitlab",
      "mode": "managed",
      "type": "gitlab_project",
      "name": "group_projects",
      "provider": "provider[\"registry.opentofu.org/gitlabhq/gitlab\"]",
      "instances": [
        {
          "index_key": "breakground-provisioning",
          "schema_version": 0,
          "attributes": {
            "allow_merge_on_skipped_pipeline": false,
            "analytics_access_level": "enabled",
            "approvals_before_merge": 0,
            "archive_on_destroy": null,
            "archived": false,
            "auto_cancel_pending_pipelines": "enabled",
            "auto_devops_deploy_strategy": "continuous",
            "auto_devops_enabled": false,
            "autoclose_referenced_issues": true,
            "avatar": null,
            "avatar_hash": null,
            "avatar_url": "",
            "build_coverage_regex": "",
            "build_git_strategy": "fetch",
            "build_timeout": 3600,
            "builds_access_level": "enabled",
            "ci_config_path": "",
            "ci_default_git_depth": 20,
            "ci_forward_deployment_enabled": true,
            "ci_separated_caches": true,
            "container_expiration_policy": [
              {
                "cadence": "1d",
                "enabled": false,
                "keep_n": 10,
                "name_regex": ".*",
                "name_regex_delete": ".*",
                "name_regex_keep": "",
                "next_run_at": "2023-09-25T15:22:25Z",
                "older_than": "90d"
              }
            ],
            "container_registry_access_level": "enabled",
            "container_registry_enabled": true,
            "default_branch": "main",
            "description": "",
            "emails_disabled": false,
            "empty_repo": false,
            "environments_access_level": "enabled",
            "external_authorization_classification_label": "",
            "feature_flags_access_level": "enabled",
            "forked_from_project_id": 0,
            "forking_access_level": "enabled",
            "group_runners_enabled": true,
            "group_with_project_templates_id": null,
            "http_url_to_repo": "https://gitlab.com/tomshley/breakground-provisioning.git",
            "id": "50663307",
            "import_url": "https://github.com/tomshley/breakground-provisioning.git",
            "import_url_password": "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",
            "import_url_username": "tomshley",
            "infrastructure_access_level": "enabled",
            "initialize_with_readme": null,
            "issues_access_level": "enabled",
            "issues_enabled": true,
            "issues_template": "",
            "keep_latest_artifact": true,
            "lfs_enabled": true,
            "merge_commit_template": "",
            "merge_method": "merge",
            "merge_pipelines_enabled": false,
            "merge_requests_access_level": "enabled",
            "merge_requests_enabled": true,
            "merge_requests_template": "",
            "merge_trains_enabled": false,
            "mirror": false,
            "mirror_overwrites_diverged_branches": false,
            "mirror_trigger_builds": false,
            "monitor_access_level": "enabled",
            "mr_default_target_self": false,
            "name": "breakground-provisioning",
            "namespace_id": 64355277,
            "only_allow_merge_if_all_discussions_are_resolved": false,
            "only_allow_merge_if_pipeline_succeeds": false,
            "only_mirror_protected_branches": false,
            "packages_enabled": true,
            "pages_access_level": "private",
            "path": "breakground-provisioning",
            "path_with_namespace": "tomshley/breakground-provisioning",
            "pipelines_enabled": true,
            "printing_merge_request_link_enabled": true,
            "public_builds": true,
            "public_jobs": true,
            "push_rules": [
              {
                "author_email_regex": "",
                "branch_name_regex": "",
                "commit_committer_check": false,
                "commit_message_negative_regex": "",
                "commit_message_regex": "",
                "deny_delete_tag": false,
                "file_name_regex": "",
                "max_file_size": 0,
                "member_check": false,
                "prevent_secrets": false,
                "reject_unsigned_commits": false
              }
            ],
            "releases_access_level": "enabled",
            "remove_source_branch_after_merge": true,
            "repository_access_level": "enabled",
            "repository_storage": "",
            "request_access_enabled": true,
            "requirements_access_level": "enabled",
            "resolve_outdated_diff_discussions": false,
            "restrict_user_defined_variables": false,
            "runners_token": "",
            "security_and_compliance_access_level": "private",
            "shared_runners_enabled": true,
            "skip_wait_for_default_branch_protection": null,
            "snippets_access_level": "enabled",
            "snippets_enabled": true,
            "squash_commit_template": "",
            "squash_option": "default_off",
            "ssh_url_to_repo": "git@gitlab.com:tomshley/breakground-provisioning.git",
            "suggestion_commit_message": "",
            "tags": [],
            "template_name": null,
            "template_project_id": null,
            "timeouts": null,
            "topics": [],
            "use_custom_template": null,
            "visibility_level": "private",
            "web_url": "https://gitlab.com/tomshley/breakground-provisioning",
            "wiki_access_level": "enabled",
            "wiki_enabled": true
          },
          "sensitive_attributes": [],
          "private": "eyJlMmJmYjczMC1lY2FhLTExZTYtOGY4OC0zNDM2M2JjN2M0YzAiOnsiY3JlYXRlIjo2MDAwMDAwMDAwMDAsImRlbGV0ZSI6NjAwMDAwMDAwMDAwfX0=",
          "dependencies": [
            "module.provisioning-backends-local-gl.module.provisioning-generic-organization-github.github_repository.repositories",
            "module.provisioning-backends-local-gl.module.provisioning-generic-organization-gitlab.data.gitlab_group.groups",
            "module.provisioning-backends-local-gl.module.provisioning-generic-organization-gitlab.data.gitlab_group.owner_group",
            "module.provisioning-backends-local-gl.module.provisioning-generic-organization-gitlab.gitlab_group.groups_map_level_1",
            "module.provisioning-backends-local-gl.module.provisioning-generic-organization-gitlab.gitlab_group.groups_map_level_10",
            "module.provisioning-backends-local-gl.module.provisioning-generic-organization-gitlab.gitlab_group.groups_map_level_2",
            "module.provisioning-backends-local-gl.module.provisioning-generic-organization-gitlab.gitlab_group.groups_map_level_3",
            "module.provisioning-backends-local-gl.module.provisioning-generic-organization-gitlab.gitlab_group.groups_map_level_4",
            "module.provisioning-backends-local-gl.module.provisioning-generic-organization-gitlab.gitlab_group.groups_map_level_5",
            "module.provisioning-backends-local-gl.module.provisioning-generic-organization-gitlab.gitlab_group.groups_map_level_6",
            "module.provisioning-backends-local-gl.module.provisioning-generic-organization-gitlab.gitlab_group.groups_map_level_7",
            "module.provisioning-backends-local-gl.module.provisioning-generic-organization-gitlab.gitlab_group.groups_map_level_8",
            "module.provisioning-backends-local-gl.module.provisioning-generic-organization-gitlab.gitlab_group.groups_map_level_9"
          ]
        }
      ]
    },
    {
      "module": "module.provisioning-backends-local-gl.module.provisioning-generic-organization-gitlab",
      "mode": "managed",
      "type": "gitlab_project_mirror",
      "name": "group_projects_mirrors",
      "provider": "provider[\"registry.opentofu.org/gitlabhq/gitlab\"]",
      "instances": [
        {
          "index_key": "breakground-provisioning",
          "schema_version": 0,
          "attributes": {
            "enabled": true,
            "id": "50663307:1773658",
            "keep_divergent_refs": false,
            "mirror_id": 1773658,
            "only_protected_branches": true,
            "project": "50663307",
            "url": "https://*****:*****@github.com/tomshley/breakground-provisioning.git"
          },
          "sensitive_attributes": [],
          "private": "bnVsbA==",
          "dependencies": [
            "module.provisioning-backends-local-gl.module.provisioning-generic-organization-github.github_repository.repositories",
            "module.provisioning-backends-local-gl.module.provisioning-generic-organization-gitlab.data.gitlab_group.groups",
            "module.provisioning-backends-local-gl.module.provisioning-generic-organization-gitlab.data.gitlab_group.owner_group",
            "module.provisioning-backends-local-gl.module.provisioning-generic-organization-gitlab.gitlab_group.groups_map_level_1",
            "module.provisioning-backends-local-gl.module.provisioning-generic-organization-gitlab.gitlab_group.groups_map_level_10",
            "module.provisioning-backends-local-gl.module.provisioning-generic-organization-gitlab.gitlab_group.groups_map_level_2",
            "module.provisioning-backends-local-gl.module.provisioning-generic-organization-gitlab.gitlab_group.groups_map_level_3",
            "module.provisioning-backends-local-gl.module.provisioning-generic-organization-gitlab.gitlab_group.groups_map_level_4",
            "module.provisioning-backends-local-gl.module.provisioning-generic-organization-gitlab.gitlab_group.groups_map_level_5",
            "module.provisioning-backends-local-gl.module.provisioning-generic-organization-gitlab.gitlab_group.groups_map_level_6",
            "module.provisioning-backends-local-gl.module.provisioning-generic-organization-gitlab.gitlab_group.groups_map_level_7",
            "module.provisioning-backends-local-gl.module.provisioning-generic-organization-gitlab.gitlab_group.groups_map_level_8",
            "module.provisioning-backends-local-gl.module.provisioning-generic-organization-gitlab.gitlab_group.groups_map_level_9",
            "module.provisioning-backends-local-gl.module.provisioning-generic-organization-gitlab.gitlab_project.group_projects"
          ]
        }
      ]
    },
    {
      "module": "module.provisioning-generic-deploy-containers",
      "mode": "managed",
      "type": "terraform_data",
      "name": "dockers",
      "provider": "provider[\"terraform.io/builtin/terraform\"]",
      "instances": [
        {
          "schema_version": 0,
          "attributes": {
            "id": "a7dedbd2-59b3-52b2-e88f-4e54b17053b5",
            "input": null,
            "output": null,
            "triggers_replace": null
          },
          "sensitive_attributes": [],
          "dependencies": [
            "module.provisioning-backends-local-gl.module.provisioning-generic-organization-github.github_branch_protection.repositories_protected_branches",
            "module.provisioning-backends-local-gl.module.provisioning-generic-organization-github.github_repository.repositories",
            "module.provisioning-backends-local-gl.module.provisioning-generic-organization-gitlab.data.gitlab_group.groups",
            "module.provisioning-backends-local-gl.module.provisioning-generic-organization-gitlab.data.gitlab_group.owner_group",
            "module.provisioning-backends-local-gl.module.provisioning-generic-organization-gitlab.data.gitlab_project_branches.group_projects_branch_production_exists_data",
            "module.provisioning-backends-local-gl.module.provisioning-generic-organization-gitlab.gitlab_branch.group_projects_branch_integration",
            "module.provisioning-backends-local-gl.module.provisioning-generic-organization-gitlab.gitlab_branch_protection.group_projects_protected_branches",
            "module.provisioning-backends-local-gl.module.provisioning-generic-organization-gitlab.gitlab_group.groups_map_level_1",
            "module.provisioning-backends-local-gl.module.provisioning-generic-organization-gitlab.gitlab_group.groups_map_level_10",
            "module.provisioning-backends-local-gl.module.provisioning-generic-organization-gitlab.gitlab_group.groups_map_level_2",
            "module.provisioning-backends-local-gl.module.provisioning-generic-organization-gitlab.gitlab_group.groups_map_level_3",
            "module.provisioning-backends-local-gl.module.provisioning-generic-organization-gitlab.gitlab_group.groups_map_level_4",
            "module.provisioning-backends-local-gl.module.provisioning-generic-organization-gitlab.gitlab_group.groups_map_level_5",
            "module.provisioning-backends-local-gl.module.provisioning-generic-organization-gitlab.gitlab_group.groups_map_level_6",
            "module.provisioning-backends-local-gl.module.provisioning-generic-organization-gitlab.gitlab_group.groups_map_level_7",
            "module.provisioning-backends-local-gl.module.provisioning-generic-organization-gitlab.gitlab_group.groups_map_level_8",
            "module.provisioning-backends-local-gl.module.provisioning-generic-organization-gitlab.gitlab_group.groups_map_level_9",
            "module.provisioning-backends-local-gl.module.provisioning-generic-organization-gitlab.gitlab_project.group_projects",
            "module.provisioning-backends-local-gl.module.provisioning-generic-organization-gitlab.gitlab_project_mirror.group_projects_mirrors"
          ]
        }
      ]
    }
  ],
  "check_results": null
}
