{
  "version": 4,
  "terraform_version": "1.5.2",
  "serial": 210,
  "lineage": "09741f2a-1a56-f967-fb92-bf457371ad0c",
  "outputs": {},
  "resources": [
    {
      "module": "module.provisioning-backends-local-gl.module.provisioning-generic-organization-github",
      "mode": "managed",
      "type": "github_repository",
      "name": "repositories",
      "provider": "provider[\"registry.terraform.io/integrations/github\"]",
      "instances": [
        {
          "index_key": "breakground-provisioning",
          "schema_version": 1,
          "attributes": {
            "allow_auto_merge": false,
            "allow_merge_commit": true,
            "allow_rebase_merge": true,
            "allow_squash_merge": true,
            "allow_update_branch": false,
            "archive_on_destroy": null,
            "archived": false,
            "auto_init": false,
            "default_branch": "main",
            "delete_branch_on_merge": false,
            "description": "",
            "etag": "W/\"d14bc9adec6f9c19f7a61015d590a398088a463b3906c80a91f5b4541d42a086\"",
            "full_name": "tomshley/breakground-provisioning",
            "git_clone_url": "git://github.com/tomshley/breakground-provisioning.git",
            "gitignore_template": null,
            "has_discussions": false,
            "has_downloads": false,
            "has_issues": false,
            "has_projects": false,
            "has_wiki": false,
            "homepage_url": "",
            "html_url": "https://github.com/tomshley/breakground-provisioning",
            "http_clone_url": "https://github.com/tomshley/breakground-provisioning.git",
            "id": "breakground-provisioning",
            "ignore_vulnerability_alerts_during_read": null,
            "is_template": false,
            "license_template": null,
            "merge_commit_message": "PR_TITLE",
            "merge_commit_title": "MERGE_MESSAGE",
            "name": "breakground-provisioning",
            "node_id": "R_kgDOKlDK0A",
            "pages": [],
            "private": false,
            "repo_id": 709937872,
            "security_and_analysis": [
              {
                "advanced_security": [],
                "secret_scanning": [
                  {
                    "status": "disabled"
                  }
                ],
                "secret_scanning_push_protection": [
                  {
                    "status": "disabled"
                  }
                ]
              }
            ],
            "squash_merge_commit_message": "COMMIT_MESSAGES",
            "squash_merge_commit_title": "COMMIT_OR_PR_TITLE",
            "ssh_clone_url": "git@github.com:tomshley/breakground-provisioning.git",
            "svn_url": "https://github.com/tomshley/breakground-provisioning",
            "template": [],
            "topics": null,
            "visibility": "public",
            "vulnerability_alerts": false
          },
          "sensitive_attributes": [],
          "private": "eyJzY2hlbWFfdmVyc2lvbiI6IjEifQ=="
        }
      ]
    },
    {
      "module": "module.provisioning-backends-local-gl.module.provisioning-generic-organization-gitlab",
      "mode": "data",
      "type": "gitlab_group",
      "name": "owner_group",
      "provider": "provider[\"registry.terraform.io/gitlabhq/gitlab\"]",
      "instances": [
        {
          "schema_version": 0,
          "attributes": {
            "default_branch_protection": 2,
            "description": "",
            "extra_shared_runners_minutes_limit": 0,
            "full_name": "tomshley",
            "full_path": "tomshley",
            "group_id": 64355277,
            "id": "64355277",
            "lfs_enabled": true,
            "membership_lock": true,
            "name": "tomshley",
            "parent_id": 0,
            "path": "tomshley",
            "prevent_forking_outside_group": true,
            "request_access_enabled": false,
            "runners_token": "GR1348941DqaXEfWbJFjzt8SAW4eV",
            "shared_runners_minutes_limit": 10000,
            "visibility_level": "public",
            "web_url": "https://gitlab.com/groups/tomshley"
          },
          "sensitive_attributes": []
        }
      ]
    },
    {
      "module": "module.provisioning-backends-local-gl.module.provisioning-generic-organization-gitlab",
      "mode": "data",
      "type": "gitlab_project_branches",
      "name": "group_projects_branch_production_exists_data",
      "provider": "provider[\"registry.terraform.io/gitlabhq/gitlab\"]",
      "instances": [
        {
          "index_key": "breakground-provisioning",
          "schema_version": 0,
          "attributes": {
            "branches": [
              {
                "can_push": true,
                "commit": [
                  {
                    "author_email": "gitlab.comsgogglespm.coil197@passmail.net",
                    "author_name": "Tom Schena",
                    "authored_date": "2023-10-24T15:55:20Z",
                    "committed_date": "2023-10-24T15:55:20Z",
                    "committer_email": "gitlab.comsgogglespm.coil197@passmail.net",
                    "committer_name": "Tom Schena",
                    "id": "a5433f71de44bbf22634bfdd0e86a328d8260a91",
                    "message": "Tomshley Hotfix Version v0.4.1 | develop | [skip ci]\n",
                    "parent_ids": [
                      "0dc54839fe3eb8617da607d638e42ca901ebcbce",
                      "b188bca670e72f4254cabfff0553bc24f2e3ce28"
                    ],
                    "short_id": "a5433f71",
                    "title": "Tomshley Hotfix Version v0.4.1 | develop | [skip ci]"
                  }
                ],
                "default": false,
                "developers_can_merge": false,
                "developers_can_push": false,
                "merged": false,
                "name": "develop",
                "protected": true,
                "web_url": "https://gitlab.com/tomshley/breakground-provisioning/-/tree/develop"
              },
              {
                "can_push": true,
                "commit": [
                  {
                    "author_email": "gitlab.comsgogglespm.coil197@passmail.net",
                    "author_name": "Tom Schena",
                    "authored_date": "2023-08-30T15:48:40Z",
                    "committed_date": "2023-08-30T15:48:40Z",
                    "committer_email": "gitlab.comsgogglespm.coil197@passmail.net",
                    "committer_name": "Tom Schena",
                    "id": "30e76e832167b66dca332c31adec4ea70797bb71",
                    "message": "Tomshley Release Version v0.3.7 | develop | [skip ci]\n",
                    "parent_ids": [
                      "0984f057e4810800f5f8ab6ac65e01e247234437",
                      "b704c882e874dbafe04bfd185ebc99d4406e0d87"
                    ],
                    "short_id": "30e76e83",
                    "title": "Tomshley Release Version v0.3.7 | develop | [skip ci]"
                  }
                ],
                "default": false,
                "developers_can_merge": false,
                "developers_can_push": false,
                "merged": false,
                "name": "feature/10-allow-for-releases-in-the-cicd-pipeline",
                "protected": false,
                "web_url": "https://gitlab.com/tomshley/breakground-provisioning/-/tree/feature/10-allow-for-releases-in-the-cicd-pipeline"
              },
              {
                "can_push": true,
                "commit": [
                  {
                    "author_email": "gitlab.comsgogglespm.coil197@passmail.net",
                    "author_name": "Tom Schena",
                    "authored_date": "2023-09-22T11:49:07Z",
                    "committed_date": "2023-09-22T11:49:07Z",
                    "committer_email": "gitlab.comsgogglespm.coil197@passmail.net",
                    "committer_name": "Tom Schena",
                    "id": "9638a27d52d89461ce65a3b05f991ff412dca52e",
                    "message": "Tomshley Release Version v0.3.12 | develop | [skip ci]\n",
                    "parent_ids": [
                      "1357a6d35357afccec728b4381e46f19cdd20aaf",
                      "6b4c22b6e2145fd37e40ec890b284399cf5fa216"
                    ],
                    "short_id": "9638a27d",
                    "title": "Tomshley Release Version v0.3.12 | develop | [skip ci]"
                  }
                ],
                "default": false,
                "developers_can_merge": false,
                "developers_can_push": false,
                "merged": false,
                "name": "feature/18-add-ubiquiti-as-part-of-initial-provisioning",
                "protected": false,
                "web_url": "https://gitlab.com/tomshley/breakground-provisioning/-/tree/feature/18-add-ubiquiti-as-part-of-initial-provisioning"
              },
              {
                "can_push": true,
                "commit": [
                  {
                    "author_email": "gitlab.comsgogglespm.coil197@passmail.net",
                    "author_name": "Tom Schena",
                    "authored_date": "2023-09-22T11:49:07Z",
                    "committed_date": "2023-09-22T11:49:07Z",
                    "committer_email": "gitlab.comsgogglespm.coil197@passmail.net",
                    "committer_name": "Tom Schena",
                    "id": "9638a27d52d89461ce65a3b05f991ff412dca52e",
                    "message": "Tomshley Release Version v0.3.12 | develop | [skip ci]\n",
                    "parent_ids": [
                      "1357a6d35357afccec728b4381e46f19cdd20aaf",
                      "6b4c22b6e2145fd37e40ec890b284399cf5fa216"
                    ],
                    "short_id": "9638a27d",
                    "title": "Tomshley Release Version v0.3.12 | develop | [skip ci]"
                  }
                ],
                "default": false,
                "developers_can_merge": false,
                "developers_can_push": false,
                "merged": false,
                "name": "feature/19-provision-artifactory-as-an-option-in-breakground",
                "protected": false,
                "web_url": "https://gitlab.com/tomshley/breakground-provisioning/-/tree/feature/19-provision-artifactory-as-an-option-in-breakground"
              },
              {
                "can_push": true,
                "commit": [
                  {
                    "author_email": "gitlab.comsgogglespm.coil197@passmail.net",
                    "author_name": "Tom Schena",
                    "authored_date": "2023-09-22T11:49:07Z",
                    "committed_date": "2023-09-22T11:49:07Z",
                    "committer_email": "gitlab.comsgogglespm.coil197@passmail.net",
                    "committer_name": "Tom Schena",
                    "id": "9638a27d52d89461ce65a3b05f991ff412dca52e",
                    "message": "Tomshley Release Version v0.3.12 | develop | [skip ci]\n",
                    "parent_ids": [
                      "1357a6d35357afccec728b4381e46f19cdd20aaf",
                      "6b4c22b6e2145fd37e40ec890b284399cf5fa216"
                    ],
                    "short_id": "9638a27d",
                    "title": "Tomshley Release Version v0.3.12 | develop | [skip ci]"
                  }
                ],
                "default": false,
                "developers_can_merge": false,
                "developers_can_push": false,
                "merged": false,
                "name": "feature/21-add-in-business-and-product-projects-and-groups",
                "protected": false,
                "web_url": "https://gitlab.com/tomshley/breakground-provisioning/-/tree/feature/21-add-in-business-and-product-projects-and-groups"
              },
              {
                "can_push": true,
                "commit": [
                  {
                    "author_email": "gitlab.comsgogglespm.coil197@passmail.net",
                    "author_name": "sgoggles",
                    "authored_date": "2023-09-24T14:09:17-04:00",
                    "committed_date": "2023-09-24T14:09:17-04:00",
                    "committer_email": "gitlab.comsgogglespm.coil197@passmail.net",
                    "committer_name": "sgoggles",
                    "id": "b16ed29d06e5a7fa9591ca576e010a72e24384f5",
                    "message": "WIP tomshley/breakground-provisioning#21\n\nhttps://gitlab.com/tomshley/breakground-provisioning/-/issues/21\n",
                    "parent_ids": [
                      "57e1a5d121576486850976706fc152287de65b9d"
                    ],
                    "short_id": "b16ed29d",
                    "title": "WIP tomshley/breakground-provisioning#21"
                  }
                ],
                "default": false,
                "developers_can_merge": false,
                "developers_can_push": false,
                "merged": false,
                "name": "feature/21-attempt-to-merge-develop-to-feature-branches",
                "protected": false,
                "web_url": "https://gitlab.com/tomshley/breakground-provisioning/-/tree/feature/21-attempt-to-merge-develop-to-feature-branches"
              },
              {
                "can_push": true,
                "commit": [
                  {
                    "author_email": "gitlab.comsgogglespm.coil197@passmail.net",
                    "author_name": "sgoggles",
                    "authored_date": "2023-10-24T09:51:39-04:00",
                    "committed_date": "2023-10-24T09:51:39-04:00",
                    "committer_email": "gitlab.comsgogglespm.coil197@passmail.net",
                    "committer_name": "sgoggles",
                    "id": "1a369f4a0a2547eeb02fab9b6ecc08e28becd244",
                    "message": "Merge branch 'hotfix/30-job-failed-5362635948' into develop\n",
                    "parent_ids": [
                      "1efc10ba44daa9838a44ea97db312d01f11d1c46",
                      "6c3c22c96e882aeca157b37d67d8ccdea36e4d6b"
                    ],
                    "short_id": "1a369f4a",
                    "title": "Merge branch 'hotfix/30-job-failed-5362635948' into develop"
                  }
                ],
                "default": false,
                "developers_can_merge": false,
                "developers_can_push": false,
                "merged": true,
                "name": "feature/31-use-artifacts-for-deploys",
                "protected": false,
                "web_url": "https://gitlab.com/tomshley/breakground-provisioning/-/tree/feature/31-use-artifacts-for-deploys"
              },
              {
                "can_push": true,
                "commit": [
                  {
                    "author_email": "gitlab.comsgogglespm.coil197@passmail.net",
                    "author_name": "sgoggles",
                    "authored_date": "2023-10-24T09:51:39-04:00",
                    "committed_date": "2023-10-24T09:51:39-04:00",
                    "committer_email": "gitlab.comsgogglespm.coil197@passmail.net",
                    "committer_name": "sgoggles",
                    "id": "1a369f4a0a2547eeb02fab9b6ecc08e28becd244",
                    "message": "Merge branch 'hotfix/30-job-failed-5362635948' into develop\n",
                    "parent_ids": [
                      "1efc10ba44daa9838a44ea97db312d01f11d1c46",
                      "6c3c22c96e882aeca157b37d67d8ccdea36e4d6b"
                    ],
                    "short_id": "1a369f4a",
                    "title": "Merge branch 'hotfix/30-job-failed-5362635948' into develop"
                  }
                ],
                "default": false,
                "developers_can_merge": false,
                "developers_can_push": false,
                "merged": true,
                "name": "feature/32-push-dockers-before-tf-release-plan-apply",
                "protected": false,
                "web_url": "https://gitlab.com/tomshley/breakground-provisioning/-/tree/feature/32-push-dockers-before-tf-release-plan-apply"
              },
              {
                "can_push": true,
                "commit": [
                  {
                    "author_email": "gitlab.comsgogglespm.coil197@passmail.net",
                    "author_name": "sgoggles",
                    "authored_date": "2023-09-09T05:50:40-04:00",
                    "committed_date": "2023-09-09T05:50:40-04:00",
                    "committer_email": "gitlab.comsgogglespm.coil197@passmail.net",
                    "committer_name": "sgoggles",
                    "id": "c712038d0741cc7f45ddbd8d334d559373f935c6",
                    "message": "Fixes tomshley/breakground-provisioning#5\n\nhttps://gitlab.com/tomshley/breakground-provisioning/-/issues/5\n",
                    "parent_ids": [
                      "4ecb625b90180532b189907d23695190c96e314a"
                    ],
                    "short_id": "c712038d",
                    "title": "Fixes tomshley/breakground-provisioning#5"
                  }
                ],
                "default": false,
                "developers_can_merge": false,
                "developers_can_push": false,
                "merged": false,
                "name": "feature/5-protected-branch-functionality-for-gitlab-and-github",
                "protected": false,
                "web_url": "https://gitlab.com/tomshley/breakground-provisioning/-/tree/feature/5-protected-branch-functionality-for-gitlab-and-github"
              },
              {
                "can_push": true,
                "commit": [
                  {
                    "author_email": "gitlab.comsgogglespm.coil197@passmail.net",
                    "author_name": "sgoggles",
                    "authored_date": "2023-10-24T10:26:36-04:00",
                    "committed_date": "2023-10-24T10:26:36-04:00",
                    "committer_email": "gitlab.comsgogglespm.coil197@passmail.net",
                    "committer_name": "sgoggles",
                    "id": "40e731bbf84181aba034bc8def6864647a864116",
                    "message": "Resolves tomshley/breakground-provisioning#8\n\nhttps://gitlab.com/tomshley/breakground-provisioning/-/issues/8\n",
                    "parent_ids": [
                      "cd9a5cd301ff5354d869754f27d35d9cd32f292d"
                    ],
                    "short_id": "40e731bb",
                    "title": "Resolves tomshley/breakground-provisioning#8"
                  }
                ],
                "default": false,
                "developers_can_merge": false,
                "developers_can_push": false,
                "merged": false,
                "name": "feature/8-model-rest-of-git-flow-in-cicd-pipeline",
                "protected": false,
                "web_url": "https://gitlab.com/tomshley/breakground-provisioning/-/tree/feature/8-model-rest-of-git-flow-in-cicd-pipeline"
              },
              {
                "can_push": true,
                "commit": [
                  {
                    "author_email": "gitlab.comsgogglespm.coil197@passmail.net",
                    "author_name": "sgoggles",
                    "authored_date": "2023-10-24T09:50:46-04:00",
                    "committed_date": "2023-10-24T09:50:46-04:00",
                    "committer_email": "gitlab.comsgogglespm.coil197@passmail.net",
                    "committer_name": "sgoggles",
                    "id": "6c3c22c96e882aeca157b37d67d8ccdea36e4d6b",
                    "message": "Resolves tomshley/breakground-provisioning#30\n\nhttps://gitlab.com/tomshley/breakground-provisioning/-/issues/30\n",
                    "parent_ids": [
                      "20d5fcb793ff874c6d40163c20d79377b2f679a7"
                    ],
                    "short_id": "6c3c22c9",
                    "title": "Resolves tomshley/breakground-provisioning#30"
                  }
                ],
                "default": false,
                "developers_can_merge": false,
                "developers_can_push": false,
                "merged": true,
                "name": "hotfix/30-job-failed-5362635948",
                "protected": false,
                "web_url": "https://gitlab.com/tomshley/breakground-provisioning/-/tree/hotfix/30-job-failed-5362635948"
              },
              {
                "can_push": true,
                "commit": [
                  {
                    "author_email": "gitlab.comsgogglespm.coil197@passmail.net",
                    "author_name": "Tom Schena",
                    "authored_date": "2023-10-24T15:55:19Z",
                    "committed_date": "2023-10-24T15:55:19Z",
                    "committer_email": "gitlab.comsgogglespm.coil197@passmail.net",
                    "committer_name": "Tom Schena",
                    "id": "babe9bdee738e13bf49f1d4dd359e4d09dec42c7",
                    "message": "Tomshley Hotfix Version v0.4.1 | main\n",
                    "parent_ids": [
                      "0dc54839fe3eb8617da607d638e42ca901ebcbce",
                      "4658e21b784368dc1ec7269d164c1285d055d717"
                    ],
                    "short_id": "babe9bde",
                    "title": "Tomshley Hotfix Version v0.4.1 | main"
                  }
                ],
                "default": false,
                "developers_can_merge": false,
                "developers_can_push": false,
                "merged": false,
                "name": "hotfix/34-mirrors-aren-t-syncing",
                "protected": false,
                "web_url": "https://gitlab.com/tomshley/breakground-provisioning/-/tree/hotfix/34-mirrors-aren-t-syncing"
              },
              {
                "can_push": true,
                "commit": [
                  {
                    "author_email": "gitlab.comsgogglespm.coil197@passmail.net",
                    "author_name": "Tom Schena",
                    "authored_date": "2023-10-24T15:55:19Z",
                    "committed_date": "2023-10-24T15:55:19Z",
                    "committer_email": "gitlab.comsgogglespm.coil197@passmail.net",
                    "committer_name": "Tom Schena",
                    "id": "babe9bdee738e13bf49f1d4dd359e4d09dec42c7",
                    "message": "Tomshley Hotfix Version v0.4.1 | main\n",
                    "parent_ids": [
                      "0dc54839fe3eb8617da607d638e42ca901ebcbce",
                      "4658e21b784368dc1ec7269d164c1285d055d717"
                    ],
                    "short_id": "babe9bde",
                    "title": "Tomshley Hotfix Version v0.4.1 | main"
                  }
                ],
                "default": true,
                "developers_can_merge": false,
                "developers_can_push": false,
                "merged": false,
                "name": "main",
                "protected": true,
                "web_url": "https://gitlab.com/tomshley/breakground-provisioning/-/tree/main"
              }
            ],
            "id": "50663307:4612415512348765682",
            "project": "50663307"
          },
          "sensitive_attributes": []
        }
      ]
    },
    {
      "module": "module.provisioning-backends-local-gl.module.provisioning-generic-organization-gitlab",
      "mode": "managed",
      "type": "gitlab_branch",
      "name": "group_projects_branch_integration",
      "provider": "provider[\"registry.terraform.io/gitlabhq/gitlab\"]",
      "instances": [
        {
          "index_key": "integrationdevelopbreakground-provisioning",
          "schema_version": 0,
          "attributes": {
            "can_push": true,
            "commit": [
              {
                "author_email": "gitlab.comsgogglespm.coil197@passmail.net",
                "author_name": "Tom Schena",
                "authored_date": "2023-10-24T15:55:20Z",
                "committed_date": "2023-10-24T15:55:20Z",
                "committer_email": "gitlab.comsgogglespm.coil197@passmail.net",
                "committer_name": "Tom Schena",
                "id": "a5433f71de44bbf22634bfdd0e86a328d8260a91",
                "message": "Tomshley Hotfix Version v0.4.1 | develop | [skip ci]\n",
                "parent_ids": [
                  "0dc54839fe3eb8617da607d638e42ca901ebcbce",
                  "b188bca670e72f4254cabfff0553bc24f2e3ce28"
                ],
                "short_id": "a5433f71",
                "title": "Tomshley Hotfix Version v0.4.1 | develop | [skip ci]"
              }
            ],
            "default": false,
            "developer_can_merge": false,
            "developer_can_push": false,
            "id": "50663307:develop",
            "merged": false,
            "name": "develop",
            "project": "50663307",
            "protected": true,
            "ref": "main",
            "web_url": "https://gitlab.com/tomshley/breakground-provisioning/-/tree/develop"
          },
          "sensitive_attributes": [],
          "private": "bnVsbA==",
          "dependencies": [
            "module.provisioning-backends-local-gl.module.provisioning-generic-organization-github.github_repository.repositories",
            "module.provisioning-backends-local-gl.module.provisioning-generic-organization-gitlab.data.gitlab_group.groups",
            "module.provisioning-backends-local-gl.module.provisioning-generic-organization-gitlab.data.gitlab_group.owner_group",
            "module.provisioning-backends-local-gl.module.provisioning-generic-organization-gitlab.data.gitlab_project_branches.group_projects_branch_production_exists_data",
            "module.provisioning-backends-local-gl.module.provisioning-generic-organization-gitlab.gitlab_group.groups_map_level_1",
            "module.provisioning-backends-local-gl.module.provisioning-generic-organization-gitlab.gitlab_group.groups_map_level_10",
            "module.provisioning-backends-local-gl.module.provisioning-generic-organization-gitlab.gitlab_group.groups_map_level_2",
            "module.provisioning-backends-local-gl.module.provisioning-generic-organization-gitlab.gitlab_group.groups_map_level_3",
            "module.provisioning-backends-local-gl.module.provisioning-generic-organization-gitlab.gitlab_group.groups_map_level_4",
            "module.provisioning-backends-local-gl.module.provisioning-generic-organization-gitlab.gitlab_group.groups_map_level_5",
            "module.provisioning-backends-local-gl.module.provisioning-generic-organization-gitlab.gitlab_group.groups_map_level_6",
            "module.provisioning-backends-local-gl.module.provisioning-generic-organization-gitlab.gitlab_group.groups_map_level_7",
            "module.provisioning-backends-local-gl.module.provisioning-generic-organization-gitlab.gitlab_group.groups_map_level_8",
            "module.provisioning-backends-local-gl.module.provisioning-generic-organization-gitlab.gitlab_group.groups_map_level_9",
            "module.provisioning-backends-local-gl.module.provisioning-generic-organization-gitlab.gitlab_project.group_projects"
          ]
        }
      ]
    },
    {
      "module": "module.provisioning-backends-local-gl.module.provisioning-generic-organization-gitlab",
      "mode": "managed",
      "type": "gitlab_branch_protection",
      "name": "group_projects_protected_branches",
      "provider": "provider[\"registry.terraform.io/gitlabhq/gitlab\"]",
      "instances": [
        {
          "index_key": "integrationdevelopbreakground-provisioning",
          "schema_version": 0,
          "attributes": {
            "allow_force_push": false,
            "allowed_to_merge": [],
            "allowed_to_push": [],
            "allowed_to_unprotect": [],
            "branch": "develop",
            "branch_protection_id": 78657769,
            "code_owner_approval_required": false,
            "id": "50663307:develop",
            "merge_access_level": "maintainer",
            "project": "50663307",
            "push_access_level": "maintainer",
            "unprotect_access_level": "maintainer"
          },
          "sensitive_attributes": [],
          "private": "bnVsbA==",
          "dependencies": [
            "module.provisioning-backends-local-gl.module.provisioning-generic-organization-github.github_repository.repositories",
            "module.provisioning-backends-local-gl.module.provisioning-generic-organization-gitlab.data.gitlab_group.groups",
            "module.provisioning-backends-local-gl.module.provisioning-generic-organization-gitlab.data.gitlab_group.owner_group",
            "module.provisioning-backends-local-gl.module.provisioning-generic-organization-gitlab.data.gitlab_project_branches.group_projects_branch_production_exists_data",
            "module.provisioning-backends-local-gl.module.provisioning-generic-organization-gitlab.gitlab_branch.group_projects_branch_integration",
            "module.provisioning-backends-local-gl.module.provisioning-generic-organization-gitlab.gitlab_group.groups_map_level_1",
            "module.provisioning-backends-local-gl.module.provisioning-generic-organization-gitlab.gitlab_group.groups_map_level_10",
            "module.provisioning-backends-local-gl.module.provisioning-generic-organization-gitlab.gitlab_group.groups_map_level_2",
            "module.provisioning-backends-local-gl.module.provisioning-generic-organization-gitlab.gitlab_group.groups_map_level_3",
            "module.provisioning-backends-local-gl.module.provisioning-generic-organization-gitlab.gitlab_group.groups_map_level_4",
            "module.provisioning-backends-local-gl.module.provisioning-generic-organization-gitlab.gitlab_group.groups_map_level_5",
            "module.provisioning-backends-local-gl.module.provisioning-generic-organization-gitlab.gitlab_group.groups_map_level_6",
            "module.provisioning-backends-local-gl.module.provisioning-generic-organization-gitlab.gitlab_group.groups_map_level_7",
            "module.provisioning-backends-local-gl.module.provisioning-generic-organization-gitlab.gitlab_group.groups_map_level_8",
            "module.provisioning-backends-local-gl.module.provisioning-generic-organization-gitlab.gitlab_group.groups_map_level_9",
            "module.provisioning-backends-local-gl.module.provisioning-generic-organization-gitlab.gitlab_project.group_projects"
          ]
        },
        {
          "index_key": "productionmainbreakground-provisioning",
          "schema_version": 0,
          "attributes": {
            "allow_force_push": false,
            "allowed_to_merge": [],
            "allowed_to_push": [],
            "allowed_to_unprotect": [],
            "branch": "main",
            "branch_protection_id": 78657770,
            "code_owner_approval_required": false,
            "id": "50663307:main",
            "merge_access_level": "maintainer",
            "project": "50663307",
            "push_access_level": "maintainer",
            "unprotect_access_level": "maintainer"
          },
          "sensitive_attributes": [],
          "private": "bnVsbA==",
          "dependencies": [
            "module.provisioning-backends-local-gl.module.provisioning-generic-organization-github.github_repository.repositories",
            "module.provisioning-backends-local-gl.module.provisioning-generic-organization-gitlab.data.gitlab_group.groups",
            "module.provisioning-backends-local-gl.module.provisioning-generic-organization-gitlab.data.gitlab_group.owner_group",
            "module.provisioning-backends-local-gl.module.provisioning-generic-organization-gitlab.data.gitlab_project_branches.group_projects_branch_production_exists_data",
            "module.provisioning-backends-local-gl.module.provisioning-generic-organization-gitlab.gitlab_branch.group_projects_branch_integration",
            "module.provisioning-backends-local-gl.module.provisioning-generic-organization-gitlab.gitlab_group.groups_map_level_1",
            "module.provisioning-backends-local-gl.module.provisioning-generic-organization-gitlab.gitlab_group.groups_map_level_10",
            "module.provisioning-backends-local-gl.module.provisioning-generic-organization-gitlab.gitlab_group.groups_map_level_2",
            "module.provisioning-backends-local-gl.module.provisioning-generic-organization-gitlab.gitlab_group.groups_map_level_3",
            "module.provisioning-backends-local-gl.module.provisioning-generic-organization-gitlab.gitlab_group.groups_map_level_4",
            "module.provisioning-backends-local-gl.module.provisioning-generic-organization-gitlab.gitlab_group.groups_map_level_5",
            "module.provisioning-backends-local-gl.module.provisioning-generic-organization-gitlab.gitlab_group.groups_map_level_6",
            "module.provisioning-backends-local-gl.module.provisioning-generic-organization-gitlab.gitlab_group.groups_map_level_7",
            "module.provisioning-backends-local-gl.module.provisioning-generic-organization-gitlab.gitlab_group.groups_map_level_8",
            "module.provisioning-backends-local-gl.module.provisioning-generic-organization-gitlab.gitlab_group.groups_map_level_9",
            "module.provisioning-backends-local-gl.module.provisioning-generic-organization-gitlab.gitlab_project.group_projects"
          ]
        }
      ]
    },
    {
      "module": "module.provisioning-backends-local-gl.module.provisioning-generic-organization-gitlab",
      "mode": "managed",
      "type": "gitlab_project",
      "name": "group_projects",
      "provider": "provider[\"registry.terraform.io/gitlabhq/gitlab\"]",
      "instances": [
        {
          "index_key": "breakground-provisioning",
          "schema_version": 0,
          "attributes": {
            "allow_merge_on_skipped_pipeline": false,
            "analytics_access_level": "enabled",
            "approvals_before_merge": 0,
            "archive_on_destroy": null,
            "archived": false,
            "auto_cancel_pending_pipelines": "enabled",
            "auto_devops_deploy_strategy": "continuous",
            "auto_devops_enabled": false,
            "autoclose_referenced_issues": true,
            "avatar": null,
            "avatar_hash": null,
            "avatar_url": "",
            "build_coverage_regex": "",
            "build_git_strategy": "fetch",
            "build_timeout": 3600,
            "builds_access_level": "enabled",
            "ci_config_path": "",
            "ci_default_git_depth": 20,
            "ci_forward_deployment_enabled": true,
            "ci_separated_caches": true,
            "container_expiration_policy": [
              {
                "cadence": "1d",
                "enabled": false,
                "keep_n": 10,
                "name_regex": ".*",
                "name_regex_delete": ".*",
                "name_regex_keep": "",
                "next_run_at": "2023-09-25T15:22:25Z",
                "older_than": "90d"
              }
            ],
            "container_registry_access_level": "enabled",
            "container_registry_enabled": true,
            "default_branch": "main",
            "description": "",
            "emails_disabled": false,
            "environments_access_level": "enabled",
            "external_authorization_classification_label": "",
            "feature_flags_access_level": "enabled",
            "forked_from_project_id": 0,
            "forking_access_level": "enabled",
            "group_with_project_templates_id": null,
            "http_url_to_repo": "https://gitlab.com/tomshley/breakground-provisioning.git",
            "id": "50663307",
            "import_url": "https://github.com/tomshley/breakground-provisioning.git",
            "import_url_password": "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",
            "import_url_username": "sgoggles",
            "infrastructure_access_level": "enabled",
            "initialize_with_readme": null,
            "issues_access_level": "enabled",
            "issues_enabled": true,
            "issues_template": "",
            "keep_latest_artifact": true,
            "lfs_enabled": true,
            "merge_commit_template": "",
            "merge_method": "merge",
            "merge_pipelines_enabled": false,
            "merge_requests_access_level": "enabled",
            "merge_requests_enabled": true,
            "merge_requests_template": "",
            "merge_trains_enabled": false,
            "mirror": false,
            "mirror_overwrites_diverged_branches": false,
            "mirror_trigger_builds": false,
            "monitor_access_level": "enabled",
            "mr_default_target_self": false,
            "name": "breakground-provisioning",
            "namespace_id": 64355277,
            "only_allow_merge_if_all_discussions_are_resolved": false,
            "only_allow_merge_if_pipeline_succeeds": false,
            "only_mirror_protected_branches": false,
            "operations_access_level": "",
            "packages_enabled": true,
            "pages_access_level": "private",
            "path": "breakground-provisioning",
            "path_with_namespace": "tomshley/breakground-provisioning",
            "pipelines_enabled": true,
            "printing_merge_request_link_enabled": true,
            "public_builds": true,
            "push_rules": [
              {
                "author_email_regex": "",
                "branch_name_regex": "",
                "commit_committer_check": false,
                "commit_message_negative_regex": "",
                "commit_message_regex": "",
                "deny_delete_tag": false,
                "file_name_regex": "",
                "max_file_size": 0,
                "member_check": false,
                "prevent_secrets": false,
                "reject_unsigned_commits": false
              }
            ],
            "releases_access_level": "enabled",
            "remove_source_branch_after_merge": true,
            "repository_access_level": "enabled",
            "repository_storage": "",
            "request_access_enabled": true,
            "requirements_access_level": "enabled",
            "resolve_outdated_diff_discussions": false,
            "restrict_user_defined_variables": false,
            "runners_token": "GR1348941jsLG_i7CPqKyjy69uFdh",
            "security_and_compliance_access_level": "private",
            "shared_runners_enabled": true,
            "skip_wait_for_default_branch_protection": null,
            "snippets_access_level": "enabled",
            "snippets_enabled": true,
            "squash_commit_template": "",
            "squash_option": "default_off",
            "ssh_url_to_repo": "git@gitlab.com:tomshley/breakground-provisioning.git",
            "suggestion_commit_message": "",
            "tags": [],
            "template_name": null,
            "template_project_id": null,
            "topics": [],
            "use_custom_template": null,
            "visibility_level": "private",
            "web_url": "https://gitlab.com/tomshley/breakground-provisioning",
            "wiki_access_level": "enabled",
            "wiki_enabled": true
          },
          "sensitive_attributes": [],
          "private": "bnVsbA==",
          "dependencies": [
            "module.provisioning-backends-local-gl.module.provisioning-generic-organization-github.github_repository.repositories",
            "module.provisioning-backends-local-gl.module.provisioning-generic-organization-gitlab.data.gitlab_group.groups",
            "module.provisioning-backends-local-gl.module.provisioning-generic-organization-gitlab.data.gitlab_group.owner_group",
            "module.provisioning-backends-local-gl.module.provisioning-generic-organization-gitlab.gitlab_group.groups_map_level_1",
            "module.provisioning-backends-local-gl.module.provisioning-generic-organization-gitlab.gitlab_group.groups_map_level_10",
            "module.provisioning-backends-local-gl.module.provisioning-generic-organization-gitlab.gitlab_group.groups_map_level_2",
            "module.provisioning-backends-local-gl.module.provisioning-generic-organization-gitlab.gitlab_group.groups_map_level_3",
            "module.provisioning-backends-local-gl.module.provisioning-generic-organization-gitlab.gitlab_group.groups_map_level_4",
            "module.provisioning-backends-local-gl.module.provisioning-generic-organization-gitlab.gitlab_group.groups_map_level_5",
            "module.provisioning-backends-local-gl.module.provisioning-generic-organization-gitlab.gitlab_group.groups_map_level_6",
            "module.provisioning-backends-local-gl.module.provisioning-generic-organization-gitlab.gitlab_group.groups_map_level_7",
            "module.provisioning-backends-local-gl.module.provisioning-generic-organization-gitlab.gitlab_group.groups_map_level_8",
            "module.provisioning-backends-local-gl.module.provisioning-generic-organization-gitlab.gitlab_group.groups_map_level_9"
          ]
        }
      ]
    },
    {
      "module": "module.provisioning-backends-local-gl.module.provisioning-generic-organization-gitlab",
      "mode": "managed",
      "type": "gitlab_project_mirror",
      "name": "group_projects_mirrors",
      "provider": "provider[\"registry.terraform.io/gitlabhq/gitlab\"]",
      "instances": [
        {
          "index_key": "breakground-provisioning",
          "schema_version": 0,
          "attributes": {
            "enabled": true,
            "id": "50663307:1671495",
            "keep_divergent_refs": false,
            "mirror_id": 1671495,
            "only_protected_branches": true,
            "project": "50663307",
            "url": "https://*****:*****@github.com/tomshley/breakground-provisioning.git"
          },
          "sensitive_attributes": [],
          "private": "bnVsbA==",
          "dependencies": [
            "module.provisioning-backends-local-gl.module.provisioning-generic-organization-github.github_repository.repositories",
            "module.provisioning-backends-local-gl.module.provisioning-generic-organization-gitlab.data.gitlab_group.groups",
            "module.provisioning-backends-local-gl.module.provisioning-generic-organization-gitlab.data.gitlab_group.owner_group",
            "module.provisioning-backends-local-gl.module.provisioning-generic-organization-gitlab.gitlab_group.groups_map_level_1",
            "module.provisioning-backends-local-gl.module.provisioning-generic-organization-gitlab.gitlab_group.groups_map_level_10",
            "module.provisioning-backends-local-gl.module.provisioning-generic-organization-gitlab.gitlab_group.groups_map_level_2",
            "module.provisioning-backends-local-gl.module.provisioning-generic-organization-gitlab.gitlab_group.groups_map_level_3",
            "module.provisioning-backends-local-gl.module.provisioning-generic-organization-gitlab.gitlab_group.groups_map_level_4",
            "module.provisioning-backends-local-gl.module.provisioning-generic-organization-gitlab.gitlab_group.groups_map_level_5",
            "module.provisioning-backends-local-gl.module.provisioning-generic-organization-gitlab.gitlab_group.groups_map_level_6",
            "module.provisioning-backends-local-gl.module.provisioning-generic-organization-gitlab.gitlab_group.groups_map_level_7",
            "module.provisioning-backends-local-gl.module.provisioning-generic-organization-gitlab.gitlab_group.groups_map_level_8",
            "module.provisioning-backends-local-gl.module.provisioning-generic-organization-gitlab.gitlab_group.groups_map_level_9",
            "module.provisioning-backends-local-gl.module.provisioning-generic-organization-gitlab.gitlab_project.group_projects"
          ]
        }
      ]
    },
    {
      "module": "module.provisioning-generic-deploy-containers",
      "mode": "managed",
      "type": "terraform_data",
      "name": "dockers",
      "provider": "provider[\"terraform.io/builtin/terraform\"]",
      "instances": [
        {
          "schema_version": 0,
          "attributes": {
            "id": "a7dedbd2-59b3-52b2-e88f-4e54b17053b5",
            "input": null,
            "output": null,
            "triggers_replace": null
          },
          "sensitive_attributes": [],
          "dependencies": [
            "module.provisioning-backends-local-gl.module.provisioning-generic-organization-github.github_branch_protection.repositories_protected_branches",
            "module.provisioning-backends-local-gl.module.provisioning-generic-organization-github.github_repository.repositories",
            "module.provisioning-backends-local-gl.module.provisioning-generic-organization-gitlab.data.gitlab_group.groups",
            "module.provisioning-backends-local-gl.module.provisioning-generic-organization-gitlab.data.gitlab_group.owner_group",
            "module.provisioning-backends-local-gl.module.provisioning-generic-organization-gitlab.data.gitlab_project_branches.group_projects_branch_production_exists_data",
            "module.provisioning-backends-local-gl.module.provisioning-generic-organization-gitlab.gitlab_branch.group_projects_branch_integration",
            "module.provisioning-backends-local-gl.module.provisioning-generic-organization-gitlab.gitlab_branch_protection.group_projects_protected_branches",
            "module.provisioning-backends-local-gl.module.provisioning-generic-organization-gitlab.gitlab_group.groups_map_level_1",
            "module.provisioning-backends-local-gl.module.provisioning-generic-organization-gitlab.gitlab_group.groups_map_level_10",
            "module.provisioning-backends-local-gl.module.provisioning-generic-organization-gitlab.gitlab_group.groups_map_level_2",
            "module.provisioning-backends-local-gl.module.provisioning-generic-organization-gitlab.gitlab_group.groups_map_level_3",
            "module.provisioning-backends-local-gl.module.provisioning-generic-organization-gitlab.gitlab_group.groups_map_level_4",
            "module.provisioning-backends-local-gl.module.provisioning-generic-organization-gitlab.gitlab_group.groups_map_level_5",
            "module.provisioning-backends-local-gl.module.provisioning-generic-organization-gitlab.gitlab_group.groups_map_level_6",
            "module.provisioning-backends-local-gl.module.provisioning-generic-organization-gitlab.gitlab_group.groups_map_level_7",
            "module.provisioning-backends-local-gl.module.provisioning-generic-organization-gitlab.gitlab_group.groups_map_level_8",
            "module.provisioning-backends-local-gl.module.provisioning-generic-organization-gitlab.gitlab_group.groups_map_level_9",
            "module.provisioning-backends-local-gl.module.provisioning-generic-organization-gitlab.gitlab_project.group_projects",
            "module.provisioning-backends-local-gl.module.provisioning-generic-organization-gitlab.gitlab_project_mirror.group_projects_mirrors"
          ]
        }
      ]
    }
  ],
  "check_results": null
}
