{
  "version": 4,
  "terraform_version": "1.5.2",
  "serial": 125,
  "lineage": "09741f2a-1a56-f967-fb92-bf457371ad0c",
  "outputs": {},
  "resources": [
    {
      "module": "module.tware-breakground-provision-deploy-containers",
      "mode": "managed",
      "type": "terraform_data",
      "name": "dockers",
      "provider": "provider[\"terraform.io/builtin/terraform\"]",
      "instances": [
        {
          "schema_version": 0,
          "attributes": {
            "id": "3802f299-ee17-1e99-79bb-206a1a565ada",
            "input": null,
            "output": null,
            "triggers_replace": null
          },
          "sensitive_attributes": [],
          "dependencies": [
            "module.tware-breakground-provision-local-gl.module.tware-breakground-provision-organization-github.github_repository.repositories",
            "module.tware-breakground-provision-local-gl.module.tware-hexagonal-gitlab.data.gitlab_group.groups",
            "module.tware-breakground-provision-local-gl.module.tware-hexagonal-gitlab.data.gitlab_group.owner_group",
            "module.tware-breakground-provision-local-gl.module.tware-hexagonal-gitlab.data.gitlab_project_branches.group_projects_branch_production_exists_data",
            "module.tware-breakground-provision-local-gl.module.tware-hexagonal-gitlab.gitlab_branch.group_projects_branch_integration",
            "module.tware-breakground-provision-local-gl.module.tware-hexagonal-gitlab.gitlab_branch_protection.group_projects_protected_branches",
            "module.tware-breakground-provision-local-gl.module.tware-hexagonal-gitlab.gitlab_group.groups_map_level_1",
            "module.tware-breakground-provision-local-gl.module.tware-hexagonal-gitlab.gitlab_group.groups_map_level_10",
            "module.tware-breakground-provision-local-gl.module.tware-hexagonal-gitlab.gitlab_group.groups_map_level_2",
            "module.tware-breakground-provision-local-gl.module.tware-hexagonal-gitlab.gitlab_group.groups_map_level_3",
            "module.tware-breakground-provision-local-gl.module.tware-hexagonal-gitlab.gitlab_group.groups_map_level_4",
            "module.tware-breakground-provision-local-gl.module.tware-hexagonal-gitlab.gitlab_group.groups_map_level_5",
            "module.tware-breakground-provision-local-gl.module.tware-hexagonal-gitlab.gitlab_group.groups_map_level_6",
            "module.tware-breakground-provision-local-gl.module.tware-hexagonal-gitlab.gitlab_group.groups_map_level_7",
            "module.tware-breakground-provision-local-gl.module.tware-hexagonal-gitlab.gitlab_group.groups_map_level_8",
            "module.tware-breakground-provision-local-gl.module.tware-hexagonal-gitlab.gitlab_group.groups_map_level_9",
            "module.tware-breakground-provision-local-gl.module.tware-hexagonal-gitlab.gitlab_project.group_projects",
            "module.tware-breakground-provision-local-gl.module.tware-hexagonal-gitlab.gitlab_project_mirror.group_projects_mirrors"
          ]
        }
      ]
    },
    {
      "module": "module.tware-breakground-provision-local-gl.module.tware-breakground-provision-organization-github",
      "mode": "managed",
      "type": "github_repository",
      "name": "repositories",
      "provider": "provider[\"registry.terraform.io/integrations/github\"]",
      "instances": [
        {
          "index_key": "breakground-provisioning",
          "schema_version": 1,
          "attributes": {
            "allow_auto_merge": false,
            "allow_merge_commit": true,
            "allow_rebase_merge": true,
            "allow_squash_merge": true,
            "allow_update_branch": false,
            "archive_on_destroy": null,
            "archived": false,
            "auto_init": false,
            "default_branch": "main",
            "delete_branch_on_merge": false,
            "description": "",
            "etag": "W/\"95829963bfe49f32b1f50eb5ae44eb2c5e5860630490257754a92d05d0111e73\"",
            "full_name": "tomshley/breakground-provisioning",
            "git_clone_url": "git://github.com/tomshley/breakground-provisioning.git",
            "gitignore_template": null,
            "has_discussions": false,
            "has_downloads": false,
            "has_issues": false,
            "has_projects": false,
            "has_wiki": false,
            "homepage_url": "",
            "html_url": "https://github.com/tomshley/breakground-provisioning",
            "http_clone_url": "https://github.com/tomshley/breakground-provisioning.git",
            "id": "breakground-provisioning",
            "ignore_vulnerability_alerts_during_read": null,
            "is_template": false,
            "license_template": null,
            "merge_commit_message": "PR_TITLE",
            "merge_commit_title": "MERGE_MESSAGE",
            "name": "breakground-provisioning",
            "node_id": "R_kgDOKRYeEg",
            "pages": [],
            "private": false,
            "repo_id": 689315346,
            "security_and_analysis": [
              {
                "advanced_security": [],
                "secret_scanning": [
                  {
                    "status": "disabled"
                  }
                ],
                "secret_scanning_push_protection": [
                  {
                    "status": "disabled"
                  }
                ]
              }
            ],
            "squash_merge_commit_message": "COMMIT_MESSAGES",
            "squash_merge_commit_title": "COMMIT_OR_PR_TITLE",
            "ssh_clone_url": "git@github.com:tomshley/breakground-provisioning.git",
            "svn_url": "https://github.com/tomshley/breakground-provisioning",
            "template": [],
            "topics": [],
            "visibility": "public",
            "vulnerability_alerts": false
          },
          "sensitive_attributes": [],
          "private": "eyJzY2hlbWFfdmVyc2lvbiI6IjEifQ=="
        }
      ]
    },
    {
      "module": "module.tware-breakground-provision-local-gl.module.tware-hexagonal-gitlab",
      "mode": "data",
      "type": "gitlab_group",
      "name": "owner_group",
      "provider": "provider[\"registry.terraform.io/gitlabhq/gitlab\"]",
      "instances": [
        {
          "schema_version": 0,
          "attributes": {
            "default_branch_protection": 2,
            "description": "",
            "extra_shared_runners_minutes_limit": 0,
            "full_name": "tomshley",
            "full_path": "tomshley",
            "group_id": 64355277,
            "id": "64355277",
            "lfs_enabled": true,
            "membership_lock": true,
            "name": "tomshley",
            "parent_id": 0,
            "path": "tomshley",
            "prevent_forking_outside_group": true,
            "request_access_enabled": false,
            "runners_token": "GR1348941DqaXEfWbJFjzt8SAW4eV",
            "shared_runners_minutes_limit": 10000,
            "visibility_level": "public",
            "web_url": "https://gitlab.com/groups/tomshley"
          },
          "sensitive_attributes": []
        }
      ]
    },
    {
      "module": "module.tware-breakground-provision-local-gl.module.tware-hexagonal-gitlab",
      "mode": "data",
      "type": "gitlab_project_branches",
      "name": "group_projects_branch_production_exists_data",
      "provider": "provider[\"registry.terraform.io/gitlabhq/gitlab\"]",
      "instances": [
        {
          "index_key": "breakground-provisioning",
          "schema_version": 0,
          "attributes": {
            "branches": [
              {
                "can_push": true,
                "commit": [
                  {
                    "author_email": "gitlab.comsgogglespm.coil197@passmail.net",
                    "author_name": "sgoggles",
                    "authored_date": "2023-09-21T15:15:52-04:00",
                    "committed_date": "2023-09-21T15:16:14-04:00",
                    "committer_email": "gitlab.comsgogglespm.coil197@passmail.net",
                    "committer_name": "sgoggles",
                    "id": "b70922f47fd9912ec89fabafda86c8228446bdc9",
                    "message": "Merge branch 'feature/17-cannot-create-groups-from-cicd' into develop\n",
                    "parent_ids": [
                      "eb6ebb9b9df44feebd181410520dd2687031c1fc"
                    ],
                    "short_id": "b70922f4",
                    "title": "Merge branch 'feature/17-cannot-create-groups-from-cicd' into develop"
                  }
                ],
                "default": false,
                "developers_can_merge": false,
                "developers_can_push": false,
                "merged": false,
                "name": "develop",
                "protected": true,
                "web_url": "https://gitlab.com/tomshley/breakground-provisioning/-/tree/develop"
              },
              {
                "can_push": true,
                "commit": [
                  {
                    "author_email": "gitlab.comsgogglespm.coil197@passmail.net",
                    "author_name": "Tom Schena",
                    "authored_date": "2023-08-30T15:48:40Z",
                    "committed_date": "2023-08-30T15:48:40Z",
                    "committer_email": "gitlab.comsgogglespm.coil197@passmail.net",
                    "committer_name": "Tom Schena",
                    "id": "30e76e832167b66dca332c31adec4ea70797bb71",
                    "message": "Tomshley Release Version v0.3.7 | develop | [skip ci]\n",
                    "parent_ids": [
                      "0984f057e4810800f5f8ab6ac65e01e247234437",
                      "b704c882e874dbafe04bfd185ebc99d4406e0d87"
                    ],
                    "short_id": "30e76e83",
                    "title": "Tomshley Release Version v0.3.7 | develop | [skip ci]"
                  }
                ],
                "default": false,
                "developers_can_merge": false,
                "developers_can_push": false,
                "merged": false,
                "name": "feature/10-allow-for-releases-in-the-cicd-pipeline",
                "protected": false,
                "web_url": "https://gitlab.com/tomshley/breakground-provisioning/-/tree/feature/10-allow-for-releases-in-the-cicd-pipeline"
              },
              {
                "can_push": true,
                "commit": [
                  {
                    "author_email": "gitlab.comsgogglespm.coil197@passmail.net",
                    "author_name": "Tom Schena",
                    "authored_date": "2023-09-01T01:10:04Z",
                    "committed_date": "2023-09-01T01:10:04Z",
                    "committer_email": "gitlab.comsgogglespm.coil197@passmail.net",
                    "committer_name": "Tom Schena",
                    "id": "d545ff1f6b23ee5a982568fec86aa4e2704471b1",
                    "message": "Merge branch 'feature/5-protected-branch-functionality-for-gitlab-and-github' into 'develop'\n\nfeature/5-protected-branch-functionality-for-gitlab-and-github\n\nSee merge request tomshley/breakground-provisioning!5",
                    "parent_ids": [
                      "5bd03b0ec58d629a03c58c15cc236d6588c0b01a",
                      "bae7209d88a6f7d9b637ad85f3a6cf611097177b"
                    ],
                    "short_id": "d545ff1f",
                    "title": "Merge branch 'feature/5-protected-branch-functionality-for-gitlab-and-github' into 'develop'"
                  }
                ],
                "default": false,
                "developers_can_merge": false,
                "developers_can_push": false,
                "merged": false,
                "name": "feature/12-model-rest-of-git-flow",
                "protected": false,
                "web_url": "https://gitlab.com/tomshley/breakground-provisioning/-/tree/feature/12-model-rest-of-git-flow"
              },
              {
                "can_push": true,
                "commit": [
                  {
                    "author_email": "gitlab.comsgogglespm.coil197@passmail.net",
                    "author_name": "sgoggles",
                    "authored_date": "2023-09-21T13:43:25-04:00",
                    "committed_date": "2023-09-21T13:43:25-04:00",
                    "committer_email": "gitlab.comsgogglespm.coil197@passmail.net",
                    "committer_name": "sgoggles",
                    "id": "9a322c6f2a40d7ebba8af21d0793bf55fd915398",
                    "message": "WIP tomshley/breakground-provisioning#17\n\nhttps://gitlab.com/tomshley/breakground-provisioning/-/issues/17\n",
                    "parent_ids": [
                      "2fc0b76258f7744e89582dd1329d90d3ce53d42d"
                    ],
                    "short_id": "9a322c6f",
                    "title": "WIP tomshley/breakground-provisioning#17"
                  }
                ],
                "default": false,
                "developers_can_merge": false,
                "developers_can_push": false,
                "merged": false,
                "name": "feature/17-cannot-create-groups-from-cicd",
                "protected": false,
                "web_url": "https://gitlab.com/tomshley/breakground-provisioning/-/tree/feature/17-cannot-create-groups-from-cicd"
              },
              {
                "can_push": true,
                "commit": [
                  {
                    "author_email": "gitlab.comsgogglespm.coil197@passmail.net",
                    "author_name": "sgoggles",
                    "authored_date": "2023-09-09T05:50:40-04:00",
                    "committed_date": "2023-09-09T05:50:40-04:00",
                    "committer_email": "gitlab.comsgogglespm.coil197@passmail.net",
                    "committer_name": "sgoggles",
                    "id": "c712038d0741cc7f45ddbd8d334d559373f935c6",
                    "message": "Fixes tomshley/breakground-provisioning#5\n\nhttps://gitlab.com/tomshley/breakground-provisioning/-/issues/5\n",
                    "parent_ids": [
                      "4ecb625b90180532b189907d23695190c96e314a"
                    ],
                    "short_id": "c712038d",
                    "title": "Fixes tomshley/breakground-provisioning#5"
                  }
                ],
                "default": false,
                "developers_can_merge": false,
                "developers_can_push": false,
                "merged": false,
                "name": "feature/5-protected-branch-functionality-for-gitlab-and-github",
                "protected": false,
                "web_url": "https://gitlab.com/tomshley/breakground-provisioning/-/tree/feature/5-protected-branch-functionality-for-gitlab-and-github"
              },
              {
                "can_push": true,
                "commit": [
                  {
                    "author_email": "gitlab.comsgogglespm.coil197@passmail.net",
                    "author_name": "Tom Schena",
                    "authored_date": "2023-09-15T18:25:05Z",
                    "committed_date": "2023-09-15T18:25:05Z",
                    "committer_email": "gitlab.comsgogglespm.coil197@passmail.net",
                    "committer_name": "Tom Schena",
                    "id": "1fdacd2935883f7969f1272e634731ca044858cc",
                    "message": "Tomshley Release Version v0.3.10 | main\n",
                    "parent_ids": [
                      "3cfec2b22a42c430c3d90a13975e10df15ba147f",
                      "d711694fb5f0ff7ee956f76ea1eaa57b96f3efbd"
                    ],
                    "short_id": "1fdacd29",
                    "title": "Tomshley Release Version v0.3.10 | main"
                  }
                ],
                "default": true,
                "developers_can_merge": false,
                "developers_can_push": false,
                "merged": false,
                "name": "main",
                "protected": true,
                "web_url": "https://gitlab.com/tomshley/breakground-provisioning/-/tree/main"
              }
            ],
            "id": "49211371:4612415512348765682",
            "project": "49211371"
          },
          "sensitive_attributes": []
        }
      ]
    },
    {
      "module": "module.tware-breakground-provision-local-gl.module.tware-hexagonal-gitlab",
      "mode": "managed",
      "type": "gitlab_branch",
      "name": "group_projects_branch_integration",
      "provider": "provider[\"registry.terraform.io/gitlabhq/gitlab\"]",
      "instances": [
        {
          "index_key": "integrationdevelopbreakground-provisioning",
          "schema_version": 0,
          "attributes": {
            "can_push": true,
            "commit": [
              {
                "author_email": "gitlab.comsgogglespm.coil197@passmail.net",
                "author_name": "sgoggles",
                "authored_date": "2023-09-21T15:15:52-04:00",
                "committed_date": "2023-09-21T15:16:14-04:00",
                "committer_email": "gitlab.comsgogglespm.coil197@passmail.net",
                "committer_name": "sgoggles",
                "id": "b70922f47fd9912ec89fabafda86c8228446bdc9",
                "message": "Merge branch 'feature/17-cannot-create-groups-from-cicd' into develop\n",
                "parent_ids": [
                  "eb6ebb9b9df44feebd181410520dd2687031c1fc"
                ],
                "short_id": "b70922f4",
                "title": "Merge branch 'feature/17-cannot-create-groups-from-cicd' into develop"
              }
            ],
            "default": false,
            "developer_can_merge": false,
            "developer_can_push": false,
            "id": "49211371:develop",
            "merged": false,
            "name": "develop",
            "project": "49211371",
            "protected": true,
            "ref": "main",
            "web_url": "https://gitlab.com/tomshley/breakground-provisioning/-/tree/develop"
          },
          "sensitive_attributes": [],
          "private": "bnVsbA==",
          "dependencies": [
            "module.tware-breakground-provision-local-gl.module.tware-breakground-provision-organization-github.github_repository.repositories",
            "module.tware-breakground-provision-local-gl.module.tware-hexagonal-gitlab.data.gitlab_group.groups",
            "module.tware-breakground-provision-local-gl.module.tware-hexagonal-gitlab.data.gitlab_group.owner_group",
            "module.tware-breakground-provision-local-gl.module.tware-hexagonal-gitlab.data.gitlab_project_branches.group_projects_branch_production_exists_data",
            "module.tware-breakground-provision-local-gl.module.tware-hexagonal-gitlab.gitlab_group.groups_map_level_1",
            "module.tware-breakground-provision-local-gl.module.tware-hexagonal-gitlab.gitlab_group.groups_map_level_10",
            "module.tware-breakground-provision-local-gl.module.tware-hexagonal-gitlab.gitlab_group.groups_map_level_2",
            "module.tware-breakground-provision-local-gl.module.tware-hexagonal-gitlab.gitlab_group.groups_map_level_3",
            "module.tware-breakground-provision-local-gl.module.tware-hexagonal-gitlab.gitlab_group.groups_map_level_4",
            "module.tware-breakground-provision-local-gl.module.tware-hexagonal-gitlab.gitlab_group.groups_map_level_5",
            "module.tware-breakground-provision-local-gl.module.tware-hexagonal-gitlab.gitlab_group.groups_map_level_6",
            "module.tware-breakground-provision-local-gl.module.tware-hexagonal-gitlab.gitlab_group.groups_map_level_7",
            "module.tware-breakground-provision-local-gl.module.tware-hexagonal-gitlab.gitlab_group.groups_map_level_8",
            "module.tware-breakground-provision-local-gl.module.tware-hexagonal-gitlab.gitlab_group.groups_map_level_9",
            "module.tware-breakground-provision-local-gl.module.tware-hexagonal-gitlab.gitlab_project.group_projects"
          ]
        }
      ]
    },
    {
      "module": "module.tware-breakground-provision-local-gl.module.tware-hexagonal-gitlab",
      "mode": "managed",
      "type": "gitlab_branch_protection",
      "name": "group_projects_protected_branches",
      "provider": "provider[\"registry.terraform.io/gitlabhq/gitlab\"]",
      "instances": [
        {
          "index_key": "integrationdevelopbreakground-provisioning",
          "schema_version": 0,
          "attributes": {
            "allow_force_push": false,
            "allowed_to_merge": [],
            "allowed_to_push": [],
            "allowed_to_unprotect": [],
            "branch": "develop",
            "branch_protection_id": 76506512,
            "code_owner_approval_required": false,
            "id": "49211371:develop",
            "merge_access_level": "maintainer",
            "project": "49211371",
            "push_access_level": "maintainer",
            "unprotect_access_level": "maintainer"
          },
          "sensitive_attributes": [],
          "private": "bnVsbA==",
          "dependencies": [
            "module.tware-breakground-provision-local-gl.module.tware-breakground-provision-organization-github.github_repository.repositories",
            "module.tware-breakground-provision-local-gl.module.tware-hexagonal-gitlab.data.gitlab_group.groups",
            "module.tware-breakground-provision-local-gl.module.tware-hexagonal-gitlab.data.gitlab_group.owner_group",
            "module.tware-breakground-provision-local-gl.module.tware-hexagonal-gitlab.data.gitlab_project_branches.group_projects_branch_production_exists_data",
            "module.tware-breakground-provision-local-gl.module.tware-hexagonal-gitlab.gitlab_branch.group_projects_branch_integration",
            "module.tware-breakground-provision-local-gl.module.tware-hexagonal-gitlab.gitlab_group.groups_map_level_1",
            "module.tware-breakground-provision-local-gl.module.tware-hexagonal-gitlab.gitlab_group.groups_map_level_10",
            "module.tware-breakground-provision-local-gl.module.tware-hexagonal-gitlab.gitlab_group.groups_map_level_2",
            "module.tware-breakground-provision-local-gl.module.tware-hexagonal-gitlab.gitlab_group.groups_map_level_3",
            "module.tware-breakground-provision-local-gl.module.tware-hexagonal-gitlab.gitlab_group.groups_map_level_4",
            "module.tware-breakground-provision-local-gl.module.tware-hexagonal-gitlab.gitlab_group.groups_map_level_5",
            "module.tware-breakground-provision-local-gl.module.tware-hexagonal-gitlab.gitlab_group.groups_map_level_6",
            "module.tware-breakground-provision-local-gl.module.tware-hexagonal-gitlab.gitlab_group.groups_map_level_7",
            "module.tware-breakground-provision-local-gl.module.tware-hexagonal-gitlab.gitlab_group.groups_map_level_8",
            "module.tware-breakground-provision-local-gl.module.tware-hexagonal-gitlab.gitlab_group.groups_map_level_9",
            "module.tware-breakground-provision-local-gl.module.tware-hexagonal-gitlab.gitlab_project.group_projects"
          ]
        },
        {
          "index_key": "productionmainbreakground-provisioning",
          "schema_version": 0,
          "attributes": {
            "allow_force_push": false,
            "allowed_to_merge": [],
            "allowed_to_push": [],
            "allowed_to_unprotect": [],
            "branch": "main",
            "branch_protection_id": 76506513,
            "code_owner_approval_required": false,
            "id": "49211371:main",
            "merge_access_level": "maintainer",
            "project": "49211371",
            "push_access_level": "maintainer",
            "unprotect_access_level": "maintainer"
          },
          "sensitive_attributes": [],
          "private": "bnVsbA==",
          "dependencies": [
            "module.tware-breakground-provision-local-gl.module.tware-breakground-provision-organization-github.github_repository.repositories",
            "module.tware-breakground-provision-local-gl.module.tware-hexagonal-gitlab.data.gitlab_group.groups",
            "module.tware-breakground-provision-local-gl.module.tware-hexagonal-gitlab.data.gitlab_group.owner_group",
            "module.tware-breakground-provision-local-gl.module.tware-hexagonal-gitlab.data.gitlab_project_branches.group_projects_branch_production_exists_data",
            "module.tware-breakground-provision-local-gl.module.tware-hexagonal-gitlab.gitlab_branch.group_projects_branch_integration",
            "module.tware-breakground-provision-local-gl.module.tware-hexagonal-gitlab.gitlab_group.groups_map_level_1",
            "module.tware-breakground-provision-local-gl.module.tware-hexagonal-gitlab.gitlab_group.groups_map_level_10",
            "module.tware-breakground-provision-local-gl.module.tware-hexagonal-gitlab.gitlab_group.groups_map_level_2",
            "module.tware-breakground-provision-local-gl.module.tware-hexagonal-gitlab.gitlab_group.groups_map_level_3",
            "module.tware-breakground-provision-local-gl.module.tware-hexagonal-gitlab.gitlab_group.groups_map_level_4",
            "module.tware-breakground-provision-local-gl.module.tware-hexagonal-gitlab.gitlab_group.groups_map_level_5",
            "module.tware-breakground-provision-local-gl.module.tware-hexagonal-gitlab.gitlab_group.groups_map_level_6",
            "module.tware-breakground-provision-local-gl.module.tware-hexagonal-gitlab.gitlab_group.groups_map_level_7",
            "module.tware-breakground-provision-local-gl.module.tware-hexagonal-gitlab.gitlab_group.groups_map_level_8",
            "module.tware-breakground-provision-local-gl.module.tware-hexagonal-gitlab.gitlab_group.groups_map_level_9",
            "module.tware-breakground-provision-local-gl.module.tware-hexagonal-gitlab.gitlab_project.group_projects"
          ]
        }
      ]
    },
    {
      "module": "module.tware-breakground-provision-local-gl.module.tware-hexagonal-gitlab",
      "mode": "managed",
      "type": "gitlab_project",
      "name": "group_projects",
      "provider": "provider[\"registry.terraform.io/gitlabhq/gitlab\"]",
      "instances": [
        {
          "index_key": "breakground-provisioning",
          "schema_version": 0,
          "attributes": {
            "allow_merge_on_skipped_pipeline": false,
            "analytics_access_level": "enabled",
            "approvals_before_merge": 0,
            "archive_on_destroy": null,
            "archived": false,
            "auto_cancel_pending_pipelines": "enabled",
            "auto_devops_deploy_strategy": "continuous",
            "auto_devops_enabled": false,
            "autoclose_referenced_issues": true,
            "avatar": null,
            "avatar_hash": null,
            "avatar_url": "",
            "build_coverage_regex": "",
            "build_git_strategy": "fetch",
            "build_timeout": 3600,
            "builds_access_level": "enabled",
            "ci_config_path": "",
            "ci_default_git_depth": 20,
            "ci_forward_deployment_enabled": true,
            "ci_separated_caches": true,
            "container_expiration_policy": [
              {
                "cadence": "1d",
                "enabled": false,
                "keep_n": 10,
                "name_regex": ".*",
                "name_regex_delete": ".*",
                "name_regex_keep": "",
                "next_run_at": "2023-09-10T09:16:53Z",
                "older_than": "90d"
              }
            ],
            "container_registry_access_level": "enabled",
            "container_registry_enabled": true,
            "default_branch": "main",
            "description": "",
            "emails_disabled": false,
            "environments_access_level": "enabled",
            "external_authorization_classification_label": "",
            "feature_flags_access_level": "enabled",
            "forked_from_project_id": 0,
            "forking_access_level": "enabled",
            "group_with_project_templates_id": null,
            "http_url_to_repo": "https://gitlab.com/tomshley/breakground-provisioning.git",
            "id": "49211371",
            "import_url": "https://github.com/tomshley/breakground-provisioning.git",
            "import_url_password": "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",
            "import_url_username": "sgoggles",
            "infrastructure_access_level": "enabled",
            "initialize_with_readme": null,
            "issues_access_level": "enabled",
            "issues_enabled": true,
            "issues_template": "",
            "keep_latest_artifact": true,
            "lfs_enabled": true,
            "merge_commit_template": "",
            "merge_method": "merge",
            "merge_pipelines_enabled": false,
            "merge_requests_access_level": "enabled",
            "merge_requests_enabled": true,
            "merge_requests_template": "",
            "merge_trains_enabled": false,
            "mirror": false,
            "mirror_overwrites_diverged_branches": false,
            "mirror_trigger_builds": false,
            "monitor_access_level": "enabled",
            "mr_default_target_self": false,
            "name": "breakground-provisioning",
            "namespace_id": 64355277,
            "only_allow_merge_if_all_discussions_are_resolved": false,
            "only_allow_merge_if_pipeline_succeeds": false,
            "only_mirror_protected_branches": false,
            "operations_access_level": "",
            "packages_enabled": true,
            "pages_access_level": "private",
            "path": "breakground-provisioning",
            "path_with_namespace": "tomshley/breakground-provisioning",
            "pipelines_enabled": true,
            "printing_merge_request_link_enabled": true,
            "public_builds": true,
            "push_rules": [
              {
                "author_email_regex": "",
                "branch_name_regex": "",
                "commit_committer_check": false,
                "commit_message_negative_regex": "",
                "commit_message_regex": "",
                "deny_delete_tag": false,
                "file_name_regex": "",
                "max_file_size": 0,
                "member_check": false,
                "prevent_secrets": false,
                "reject_unsigned_commits": false
              }
            ],
            "releases_access_level": "enabled",
            "remove_source_branch_after_merge": true,
            "repository_access_level": "enabled",
            "repository_storage": "",
            "request_access_enabled": true,
            "requirements_access_level": "enabled",
            "resolve_outdated_diff_discussions": false,
            "restrict_user_defined_variables": false,
            "runners_token": "GR1348941zZ4p-wzxPXsv2ov29iKF",
            "security_and_compliance_access_level": "private",
            "shared_runners_enabled": true,
            "skip_wait_for_default_branch_protection": null,
            "snippets_access_level": "enabled",
            "snippets_enabled": true,
            "squash_commit_template": "",
            "squash_option": "default_off",
            "ssh_url_to_repo": "git@gitlab.com:tomshley/breakground-provisioning.git",
            "suggestion_commit_message": "",
            "tags": [],
            "template_name": null,
            "template_project_id": null,
            "topics": [],
            "use_custom_template": null,
            "visibility_level": "private",
            "web_url": "https://gitlab.com/tomshley/breakground-provisioning",
            "wiki_access_level": "enabled",
            "wiki_enabled": true
          },
          "sensitive_attributes": [],
          "private": "bnVsbA==",
          "dependencies": [
            "module.tware-breakground-provision-local-gl.module.tware-breakground-provision-organization-github.github_repository.repositories",
            "module.tware-breakground-provision-local-gl.module.tware-hexagonal-gitlab.data.gitlab_group.groups",
            "module.tware-breakground-provision-local-gl.module.tware-hexagonal-gitlab.data.gitlab_group.owner_group",
            "module.tware-breakground-provision-local-gl.module.tware-hexagonal-gitlab.gitlab_group.groups_map_level_1",
            "module.tware-breakground-provision-local-gl.module.tware-hexagonal-gitlab.gitlab_group.groups_map_level_10",
            "module.tware-breakground-provision-local-gl.module.tware-hexagonal-gitlab.gitlab_group.groups_map_level_2",
            "module.tware-breakground-provision-local-gl.module.tware-hexagonal-gitlab.gitlab_group.groups_map_level_3",
            "module.tware-breakground-provision-local-gl.module.tware-hexagonal-gitlab.gitlab_group.groups_map_level_4",
            "module.tware-breakground-provision-local-gl.module.tware-hexagonal-gitlab.gitlab_group.groups_map_level_5",
            "module.tware-breakground-provision-local-gl.module.tware-hexagonal-gitlab.gitlab_group.groups_map_level_6",
            "module.tware-breakground-provision-local-gl.module.tware-hexagonal-gitlab.gitlab_group.groups_map_level_7",
            "module.tware-breakground-provision-local-gl.module.tware-hexagonal-gitlab.gitlab_group.groups_map_level_8",
            "module.tware-breakground-provision-local-gl.module.tware-hexagonal-gitlab.gitlab_group.groups_map_level_9"
          ]
        }
      ]
    },
    {
      "module": "module.tware-breakground-provision-local-gl.module.tware-hexagonal-gitlab",
      "mode": "managed",
      "type": "gitlab_project_mirror",
      "name": "group_projects_mirrors",
      "provider": "provider[\"registry.terraform.io/gitlabhq/gitlab\"]",
      "instances": [
        {
          "index_key": "breakground-provisioning",
          "schema_version": 0,
          "attributes": {
            "enabled": true,
            "id": "49211371:657405",
            "keep_divergent_refs": false,
            "mirror_id": 657405,
            "only_protected_branches": true,
            "project": "49211371",
            "url": "https://*****:*****@github.com/tomshley/breakground-provisioning.git"
          },
          "sensitive_attributes": [],
          "private": "bnVsbA==",
          "dependencies": [
            "module.tware-breakground-provision-local-gl.module.tware-breakground-provision-organization-github.github_repository.repositories",
            "module.tware-breakground-provision-local-gl.module.tware-hexagonal-gitlab.data.gitlab_group.groups",
            "module.tware-breakground-provision-local-gl.module.tware-hexagonal-gitlab.data.gitlab_group.owner_group",
            "module.tware-breakground-provision-local-gl.module.tware-hexagonal-gitlab.gitlab_group.groups_map_level_1",
            "module.tware-breakground-provision-local-gl.module.tware-hexagonal-gitlab.gitlab_group.groups_map_level_10",
            "module.tware-breakground-provision-local-gl.module.tware-hexagonal-gitlab.gitlab_group.groups_map_level_2",
            "module.tware-breakground-provision-local-gl.module.tware-hexagonal-gitlab.gitlab_group.groups_map_level_3",
            "module.tware-breakground-provision-local-gl.module.tware-hexagonal-gitlab.gitlab_group.groups_map_level_4",
            "module.tware-breakground-provision-local-gl.module.tware-hexagonal-gitlab.gitlab_group.groups_map_level_5",
            "module.tware-breakground-provision-local-gl.module.tware-hexagonal-gitlab.gitlab_group.groups_map_level_6",
            "module.tware-breakground-provision-local-gl.module.tware-hexagonal-gitlab.gitlab_group.groups_map_level_7",
            "module.tware-breakground-provision-local-gl.module.tware-hexagonal-gitlab.gitlab_group.groups_map_level_8",
            "module.tware-breakground-provision-local-gl.module.tware-hexagonal-gitlab.gitlab_group.groups_map_level_9",
            "module.tware-breakground-provision-local-gl.module.tware-hexagonal-gitlab.gitlab_project.group_projects"
          ]
        }
      ]
    }
  ],
  "check_results": null
}
