{
  "version": 4,
  "terraform_version": "1.5.2",
  "serial": 185,
  "lineage": "09741f2a-1a56-f967-fb92-bf457371ad0c",
  "outputs": {},
  "resources": [
    {
      "module": "module.provisioning-backends-local-gl.module.provisioning-generic-organization-github",
      "mode": "managed",
      "type": "github_branch_protection",
      "name": "repositories_protected_branches",
      "provider": "provider[\"registry.terraform.io/integrations/github\"]",
      "instances": [
        {
          "index_key": "integrationdevelopbreakground-provisioning",
          "schema_version": 1,
          "attributes": {
            "allows_deletions": false,
            "allows_force_pushes": false,
            "blocks_creations": false,
            "enforce_admins": true,
            "force_push_bypassers": [],
            "id": "BPR_kwDOKXqiC84CkWc4",
            "lock_branch": false,
            "pattern": "develop",
            "push_restrictions": [],
            "repository_id": "breakground-provisioning",
            "require_conversation_resolution": false,
            "require_signed_commits": false,
            "required_linear_history": false,
            "required_pull_request_reviews": [],
            "required_status_checks": []
          },
          "sensitive_attributes": [],
          "private": "eyJzY2hlbWFfdmVyc2lvbiI6IjEifQ==",
          "dependencies": [
            "module.provisioning-backends-local-gl.module.provisioning-generic-organization-github.github_repository.repositories"
          ]
        },
        {
          "index_key": "productionmainbreakground-provisioning",
          "schema_version": 1,
          "attributes": {
            "allows_deletions": false,
            "allows_force_pushes": false,
            "blocks_creations": false,
            "enforce_admins": true,
            "force_push_bypassers": [],
            "id": "BPR_kwDOKXqiC84CkWc2",
            "lock_branch": false,
            "pattern": "main",
            "push_restrictions": [],
            "repository_id": "breakground-provisioning",
            "require_conversation_resolution": false,
            "require_signed_commits": false,
            "required_linear_history": false,
            "required_pull_request_reviews": [],
            "required_status_checks": []
          },
          "sensitive_attributes": [],
          "private": "eyJzY2hlbWFfdmVyc2lvbiI6IjEifQ==",
          "dependencies": [
            "module.provisioning-backends-local-gl.module.provisioning-generic-organization-github.github_repository.repositories"
          ]
        }
      ]
    },
    {
      "module": "module.provisioning-backends-local-gl.module.provisioning-generic-organization-github",
      "mode": "managed",
      "type": "github_repository",
      "name": "repositories",
      "provider": "provider[\"registry.terraform.io/integrations/github\"]",
      "instances": [
        {
          "index_key": "breakground-provisioning",
          "schema_version": 1,
          "attributes": {
            "allow_auto_merge": false,
            "allow_merge_commit": true,
            "allow_rebase_merge": true,
            "allow_squash_merge": true,
            "allow_update_branch": false,
            "archive_on_destroy": null,
            "archived": false,
            "auto_init": false,
            "default_branch": "main",
            "delete_branch_on_merge": false,
            "description": "",
            "etag": "W/\"31cd26303dc9719a5070e63f902f924bf44eaa09cec769c632afcddde5fcae58\"",
            "full_name": "tomshley/breakground-provisioning",
            "git_clone_url": "git://github.com/tomshley/breakground-provisioning.git",
            "gitignore_template": null,
            "has_discussions": false,
            "has_downloads": false,
            "has_issues": false,
            "has_projects": false,
            "has_wiki": false,
            "homepage_url": "",
            "html_url": "https://github.com/tomshley/breakground-provisioning",
            "http_clone_url": "https://github.com/tomshley/breakground-provisioning.git",
            "id": "breakground-provisioning",
            "ignore_vulnerability_alerts_during_read": null,
            "is_template": false,
            "license_template": null,
            "merge_commit_message": "PR_TITLE",
            "merge_commit_title": "MERGE_MESSAGE",
            "name": "breakground-provisioning",
            "node_id": "R_kgDOKXqiCw",
            "pages": [],
            "private": false,
            "repo_id": 695902731,
            "security_and_analysis": [
              {
                "advanced_security": [],
                "secret_scanning": [
                  {
                    "status": "disabled"
                  }
                ],
                "secret_scanning_push_protection": [
                  {
                    "status": "disabled"
                  }
                ]
              }
            ],
            "squash_merge_commit_message": "COMMIT_MESSAGES",
            "squash_merge_commit_title": "COMMIT_OR_PR_TITLE",
            "ssh_clone_url": "git@github.com:tomshley/breakground-provisioning.git",
            "svn_url": "https://github.com/tomshley/breakground-provisioning",
            "template": [],
            "topics": [],
            "visibility": "public",
            "vulnerability_alerts": false
          },
          "sensitive_attributes": [],
          "private": "eyJzY2hlbWFfdmVyc2lvbiI6IjEifQ=="
        }
      ]
    },
    {
      "module": "module.provisioning-backends-local-gl.module.provisioning-generic-organization-gitlab",
      "mode": "data",
      "type": "gitlab_group",
      "name": "owner_group",
      "provider": "provider[\"registry.terraform.io/gitlabhq/gitlab\"]",
      "instances": [
        {
          "schema_version": 0,
          "attributes": {
            "default_branch_protection": 2,
            "description": "",
            "extra_shared_runners_minutes_limit": 0,
            "full_name": "tomshley",
            "full_path": "tomshley",
            "group_id": 64355277,
            "id": "64355277",
            "lfs_enabled": true,
            "membership_lock": true,
            "name": "tomshley",
            "parent_id": 0,
            "path": "tomshley",
            "prevent_forking_outside_group": true,
            "request_access_enabled": false,
            "runners_token": "GR1348941DqaXEfWbJFjzt8SAW4eV",
            "shared_runners_minutes_limit": 10000,
            "visibility_level": "public",
            "web_url": "https://gitlab.com/groups/tomshley"
          },
          "sensitive_attributes": []
        }
      ]
    },
    {
      "module": "module.provisioning-backends-local-gl.module.provisioning-generic-organization-gitlab",
      "mode": "data",
      "type": "gitlab_project_branches",
      "name": "group_projects_branch_production_exists_data",
      "provider": "provider[\"registry.terraform.io/gitlabhq/gitlab\"]",
      "instances": [
        {
          "index_key": "breakground-provisioning",
          "schema_version": 0,
          "attributes": {
            "branches": [
              {
                "can_push": true,
                "commit": [
                  {
                    "author_email": "gitlab.comsgogglespm.coil197@passmail.net",
                    "author_name": "Tom Schena",
                    "authored_date": "2023-10-24T12:51:48Z",
                    "committed_date": "2023-10-24T12:51:48Z",
                    "committer_email": "gitlab.comsgogglespm.coil197@passmail.net",
                    "committer_name": "Tom Schena",
                    "id": "b3ed7adda156c025a97fef9e379f1c075f22b1be",
                    "message": "Merge branch 'feature/26-add-new-project' into 'develop'\n\nResolve \"add new project\"\n\nSee merge request tomshley/breakground-provisioning!14",
                    "parent_ids": [
                      "cad7e126d0ae0ce82c2c6e43d961f0df63be8e88",
                      "f24f6bcb2523fa77589354471b1f00daf14d0ae8"
                    ],
                    "short_id": "b3ed7add",
                    "title": "Merge branch 'feature/26-add-new-project' into 'develop'"
                  }
                ],
                "default": false,
                "developers_can_merge": false,
                "developers_can_push": false,
                "merged": false,
                "name": "develop",
                "protected": true,
                "web_url": "https://gitlab.com/tomshley/breakground-provisioning/-/tree/develop"
              },
              {
                "can_push": true,
                "commit": [
                  {
                    "author_email": "gitlab.comsgogglespm.coil197@passmail.net",
                    "author_name": "Tom Schena",
                    "authored_date": "2023-08-30T15:48:40Z",
                    "committed_date": "2023-08-30T15:48:40Z",
                    "committer_email": "gitlab.comsgogglespm.coil197@passmail.net",
                    "committer_name": "Tom Schena",
                    "id": "30e76e832167b66dca332c31adec4ea70797bb71",
                    "message": "Tomshley Release Version v0.3.7 | develop | [skip ci]\n",
                    "parent_ids": [
                      "0984f057e4810800f5f8ab6ac65e01e247234437",
                      "b704c882e874dbafe04bfd185ebc99d4406e0d87"
                    ],
                    "short_id": "30e76e83",
                    "title": "Tomshley Release Version v0.3.7 | develop | [skip ci]"
                  }
                ],
                "default": false,
                "developers_can_merge": false,
                "developers_can_push": false,
                "merged": false,
                "name": "feature/10-allow-for-releases-in-the-cicd-pipeline",
                "protected": false,
                "web_url": "https://gitlab.com/tomshley/breakground-provisioning/-/tree/feature/10-allow-for-releases-in-the-cicd-pipeline"
              },
              {
                "can_push": true,
                "commit": [
                  {
                    "author_email": "gitlab.comsgogglespm.coil197@passmail.net",
                    "author_name": "Tom Schena",
                    "authored_date": "2023-09-22T11:49:07Z",
                    "committed_date": "2023-09-22T11:49:07Z",
                    "committer_email": "gitlab.comsgogglespm.coil197@passmail.net",
                    "committer_name": "Tom Schena",
                    "id": "9638a27d52d89461ce65a3b05f991ff412dca52e",
                    "message": "Tomshley Release Version v0.3.12 | develop | [skip ci]\n",
                    "parent_ids": [
                      "1357a6d35357afccec728b4381e46f19cdd20aaf",
                      "6b4c22b6e2145fd37e40ec890b284399cf5fa216"
                    ],
                    "short_id": "9638a27d",
                    "title": "Tomshley Release Version v0.3.12 | develop | [skip ci]"
                  }
                ],
                "default": false,
                "developers_can_merge": false,
                "developers_can_push": false,
                "merged": false,
                "name": "feature/18-add-ubiquiti-as-part-of-initial-provisioning",
                "protected": false,
                "web_url": "https://gitlab.com/tomshley/breakground-provisioning/-/tree/feature/18-add-ubiquiti-as-part-of-initial-provisioning"
              },
              {
                "can_push": true,
                "commit": [
                  {
                    "author_email": "gitlab.comsgogglespm.coil197@passmail.net",
                    "author_name": "Tom Schena",
                    "authored_date": "2023-09-22T11:49:07Z",
                    "committed_date": "2023-09-22T11:49:07Z",
                    "committer_email": "gitlab.comsgogglespm.coil197@passmail.net",
                    "committer_name": "Tom Schena",
                    "id": "9638a27d52d89461ce65a3b05f991ff412dca52e",
                    "message": "Tomshley Release Version v0.3.12 | develop | [skip ci]\n",
                    "parent_ids": [
                      "1357a6d35357afccec728b4381e46f19cdd20aaf",
                      "6b4c22b6e2145fd37e40ec890b284399cf5fa216"
                    ],
                    "short_id": "9638a27d",
                    "title": "Tomshley Release Version v0.3.12 | develop | [skip ci]"
                  }
                ],
                "default": false,
                "developers_can_merge": false,
                "developers_can_push": false,
                "merged": false,
                "name": "feature/19-provision-artifactory-as-an-option-in-breakground",
                "protected": false,
                "web_url": "https://gitlab.com/tomshley/breakground-provisioning/-/tree/feature/19-provision-artifactory-as-an-option-in-breakground"
              },
              {
                "can_push": true,
                "commit": [
                  {
                    "author_email": "gitlab.comsgogglespm.coil197@passmail.net",
                    "author_name": "Tom Schena",
                    "authored_date": "2023-09-22T11:49:07Z",
                    "committed_date": "2023-09-22T11:49:07Z",
                    "committer_email": "gitlab.comsgogglespm.coil197@passmail.net",
                    "committer_name": "Tom Schena",
                    "id": "9638a27d52d89461ce65a3b05f991ff412dca52e",
                    "message": "Tomshley Release Version v0.3.12 | develop | [skip ci]\n",
                    "parent_ids": [
                      "1357a6d35357afccec728b4381e46f19cdd20aaf",
                      "6b4c22b6e2145fd37e40ec890b284399cf5fa216"
                    ],
                    "short_id": "9638a27d",
                    "title": "Tomshley Release Version v0.3.12 | develop | [skip ci]"
                  }
                ],
                "default": false,
                "developers_can_merge": false,
                "developers_can_push": false,
                "merged": false,
                "name": "feature/21-add-in-business-and-product-projects-and-groups",
                "protected": false,
                "web_url": "https://gitlab.com/tomshley/breakground-provisioning/-/tree/feature/21-add-in-business-and-product-projects-and-groups"
              },
              {
                "can_push": true,
                "commit": [
                  {
                    "author_email": "gitlab.comsgogglespm.coil197@passmail.net",
                    "author_name": "sgoggles",
                    "authored_date": "2023-09-24T14:09:17-04:00",
                    "committed_date": "2023-09-24T14:09:17-04:00",
                    "committer_email": "gitlab.comsgogglespm.coil197@passmail.net",
                    "committer_name": "sgoggles",
                    "id": "b16ed29d06e5a7fa9591ca576e010a72e24384f5",
                    "message": "WIP tomshley/breakground-provisioning#21\n\nhttps://gitlab.com/tomshley/breakground-provisioning/-/issues/21\n",
                    "parent_ids": [
                      "57e1a5d121576486850976706fc152287de65b9d"
                    ],
                    "short_id": "b16ed29d",
                    "title": "WIP tomshley/breakground-provisioning#21"
                  }
                ],
                "default": false,
                "developers_can_merge": false,
                "developers_can_push": false,
                "merged": false,
                "name": "feature/21-attempt-to-merge-develop-to-feature-branches",
                "protected": false,
                "web_url": "https://gitlab.com/tomshley/breakground-provisioning/-/tree/feature/21-attempt-to-merge-develop-to-feature-branches"
              },
              {
                "can_push": true,
                "commit": [
                  {
                    "author_email": "gitlab.comsgogglespm.coil197@passmail.net",
                    "author_name": "Tom Schena",
                    "authored_date": "2023-10-24T12:47:13Z",
                    "committed_date": "2023-10-24T12:47:13Z",
                    "committer_email": "gitlab.comsgogglespm.coil197@passmail.net",
                    "committer_name": "Tom Schena",
                    "id": "7482fffacd7df2d0c00ecf82a6225fde6e02f445",
                    "message": "Merge branch 'feature/27-job-failed-5362202650-fix-docker-dependency' into 'develop'\n\nResolve \"Job Failed #5362202650 - fix docker dependency\"\n\nSee merge request tomshley/breakground-provisioning!15",
                    "parent_ids": [
                      "2d741cfb0d5759b4ceaa683385e027869dd725c9",
                      "8da39c7ec5eec32e21171cd21c91433a2c78c3a8"
                    ],
                    "short_id": "7482fffa",
                    "title": "Merge branch 'feature/27-job-failed-5362202650-fix-docker-dependency' into 'develop'"
                  }
                ],
                "default": false,
                "developers_can_merge": false,
                "developers_can_push": false,
                "merged": false,
                "name": "feature/29-branch-not-protected-in-gh",
                "protected": false,
                "web_url": "https://gitlab.com/tomshley/breakground-provisioning/-/tree/feature/29-branch-not-protected-in-gh"
              },
              {
                "can_push": true,
                "commit": [
                  {
                    "author_email": "gitlab.comsgogglespm.coil197@passmail.net",
                    "author_name": "sgoggles",
                    "authored_date": "2023-09-09T05:50:40-04:00",
                    "committed_date": "2023-09-09T05:50:40-04:00",
                    "committer_email": "gitlab.comsgogglespm.coil197@passmail.net",
                    "committer_name": "sgoggles",
                    "id": "c712038d0741cc7f45ddbd8d334d559373f935c6",
                    "message": "Fixes tomshley/breakground-provisioning#5\n\nhttps://gitlab.com/tomshley/breakground-provisioning/-/issues/5\n",
                    "parent_ids": [
                      "4ecb625b90180532b189907d23695190c96e314a"
                    ],
                    "short_id": "c712038d",
                    "title": "Fixes tomshley/breakground-provisioning#5"
                  }
                ],
                "default": false,
                "developers_can_merge": false,
                "developers_can_push": false,
                "merged": false,
                "name": "feature/5-protected-branch-functionality-for-gitlab-and-github",
                "protected": false,
                "web_url": "https://gitlab.com/tomshley/breakground-provisioning/-/tree/feature/5-protected-branch-functionality-for-gitlab-and-github"
              },
              {
                "can_push": true,
                "commit": [
                  {
                    "author_email": "gitlab.comsgogglespm.coil197@passmail.net",
                    "author_name": "Tom Schena",
                    "authored_date": "2023-09-24T18:12:42Z",
                    "committed_date": "2023-09-24T18:12:42Z",
                    "committer_email": "gitlab.comsgogglespm.coil197@passmail.net",
                    "committer_name": "Tom Schena",
                    "id": "42ba4ce6a71be970bce189a447fa153fca1329ad",
                    "message": "Merge branch 'feature/21-attempt-to-merge-develop-to-feature-branches' into 'develop'\n\nfeature/21-attempt-to-merge-develop-to-feature-branches\n\nSee merge request tomshley/breakground-provisioning!5",
                    "parent_ids": [
                      "34ca7320d040e99ad6a4fd93b0da184c7c5c1244",
                      "ee63ef723dc1e4625fa15fe2d5d98ccb9aabfbb7"
                    ],
                    "short_id": "42ba4ce6",
                    "title": "Merge branch 'feature/21-attempt-to-merge-develop-to-feature-branches' into 'develop'"
                  }
                ],
                "default": false,
                "developers_can_merge": false,
                "developers_can_push": false,
                "merged": true,
                "name": "feature/8-model-rest-of-git-flow-in-cicd-pipeline",
                "protected": false,
                "web_url": "https://gitlab.com/tomshley/breakground-provisioning/-/tree/feature/8-model-rest-of-git-flow-in-cicd-pipeline"
              },
              {
                "can_push": true,
                "commit": [
                  {
                    "author_email": "gitlab.comsgogglespm.coil197@passmail.net",
                    "author_name": "Tom Schena",
                    "authored_date": "2023-10-14T19:09:33Z",
                    "committed_date": "2023-10-14T19:09:33Z",
                    "committer_email": "gitlab.comsgogglespm.coil197@passmail.net",
                    "committer_name": "Tom Schena",
                    "id": "5a39b87ca0891e02359608db6232d3aece6ceb3a",
                    "message": "Tomshley Release Version v0.3.18 | main\n",
                    "parent_ids": [
                      "0d3e72d0797b50c31bb0bf35efa8a4ff043c23db",
                      "d084fa7252f7cee0eb8076483d888fea81b6d1ce"
                    ],
                    "short_id": "5a39b87c",
                    "title": "Tomshley Release Version v0.3.18 | main"
                  }
                ],
                "default": true,
                "developers_can_merge": false,
                "developers_can_push": false,
                "merged": false,
                "name": "main",
                "protected": true,
                "web_url": "https://gitlab.com/tomshley/breakground-provisioning/-/tree/main"
              }
            ],
            "id": "50663307:4612415512348765682",
            "project": "50663307"
          },
          "sensitive_attributes": []
        }
      ]
    },
    {
      "module": "module.provisioning-backends-local-gl.module.provisioning-generic-organization-gitlab",
      "mode": "managed",
      "type": "gitlab_branch",
      "name": "group_projects_branch_integration",
      "provider": "provider[\"registry.terraform.io/gitlabhq/gitlab\"]",
      "instances": [
        {
          "index_key": "integrationdevelopbreakground-provisioning",
          "schema_version": 0,
          "attributes": {
            "can_push": true,
            "commit": [
              {
                "author_email": "gitlab.comsgogglespm.coil197@passmail.net",
                "author_name": "Tom Schena",
                "authored_date": "2023-10-24T12:51:48Z",
                "committed_date": "2023-10-24T12:51:48Z",
                "committer_email": "gitlab.comsgogglespm.coil197@passmail.net",
                "committer_name": "Tom Schena",
                "id": "b3ed7adda156c025a97fef9e379f1c075f22b1be",
                "message": "Merge branch 'feature/26-add-new-project' into 'develop'\n\nResolve \"add new project\"\n\nSee merge request tomshley/breakground-provisioning!14",
                "parent_ids": [
                  "cad7e126d0ae0ce82c2c6e43d961f0df63be8e88",
                  "f24f6bcb2523fa77589354471b1f00daf14d0ae8"
                ],
                "short_id": "b3ed7add",
                "title": "Merge branch 'feature/26-add-new-project' into 'develop'"
              }
            ],
            "default": false,
            "developer_can_merge": false,
            "developer_can_push": false,
            "id": "50663307:develop",
            "merged": false,
            "name": "develop",
            "project": "50663307",
            "protected": true,
            "ref": "main",
            "web_url": "https://gitlab.com/tomshley/breakground-provisioning/-/tree/develop"
          },
          "sensitive_attributes": [],
          "private": "bnVsbA==",
          "dependencies": [
            "module.provisioning-backends-local-gl.module.provisioning-generic-organization-github.github_repository.repositories",
            "module.provisioning-backends-local-gl.module.provisioning-generic-organization-gitlab.data.gitlab_group.groups",
            "module.provisioning-backends-local-gl.module.provisioning-generic-organization-gitlab.data.gitlab_group.owner_group",
            "module.provisioning-backends-local-gl.module.provisioning-generic-organization-gitlab.data.gitlab_project_branches.group_projects_branch_production_exists_data",
            "module.provisioning-backends-local-gl.module.provisioning-generic-organization-gitlab.gitlab_group.groups_map_level_1",
            "module.provisioning-backends-local-gl.module.provisioning-generic-organization-gitlab.gitlab_group.groups_map_level_10",
            "module.provisioning-backends-local-gl.module.provisioning-generic-organization-gitlab.gitlab_group.groups_map_level_2",
            "module.provisioning-backends-local-gl.module.provisioning-generic-organization-gitlab.gitlab_group.groups_map_level_3",
            "module.provisioning-backends-local-gl.module.provisioning-generic-organization-gitlab.gitlab_group.groups_map_level_4",
            "module.provisioning-backends-local-gl.module.provisioning-generic-organization-gitlab.gitlab_group.groups_map_level_5",
            "module.provisioning-backends-local-gl.module.provisioning-generic-organization-gitlab.gitlab_group.groups_map_level_6",
            "module.provisioning-backends-local-gl.module.provisioning-generic-organization-gitlab.gitlab_group.groups_map_level_7",
            "module.provisioning-backends-local-gl.module.provisioning-generic-organization-gitlab.gitlab_group.groups_map_level_8",
            "module.provisioning-backends-local-gl.module.provisioning-generic-organization-gitlab.gitlab_group.groups_map_level_9",
            "module.provisioning-backends-local-gl.module.provisioning-generic-organization-gitlab.gitlab_project.group_projects"
          ]
        }
      ]
    },
    {
      "module": "module.provisioning-backends-local-gl.module.provisioning-generic-organization-gitlab",
      "mode": "managed",
      "type": "gitlab_branch_protection",
      "name": "group_projects_protected_branches",
      "provider": "provider[\"registry.terraform.io/gitlabhq/gitlab\"]",
      "instances": [
        {
          "index_key": "integrationdevelopbreakground-provisioning",
          "schema_version": 0,
          "attributes": {
            "allow_force_push": false,
            "allowed_to_merge": [],
            "allowed_to_push": [],
            "allowed_to_unprotect": [],
            "branch": "develop",
            "branch_protection_id": 78657769,
            "code_owner_approval_required": false,
            "id": "50663307:develop",
            "merge_access_level": "maintainer",
            "project": "50663307",
            "push_access_level": "maintainer",
            "unprotect_access_level": "maintainer"
          },
          "sensitive_attributes": [],
          "private": "bnVsbA==",
          "dependencies": [
            "module.provisioning-backends-local-gl.module.provisioning-generic-organization-github.github_repository.repositories",
            "module.provisioning-backends-local-gl.module.provisioning-generic-organization-gitlab.data.gitlab_group.groups",
            "module.provisioning-backends-local-gl.module.provisioning-generic-organization-gitlab.data.gitlab_group.owner_group",
            "module.provisioning-backends-local-gl.module.provisioning-generic-organization-gitlab.data.gitlab_project_branches.group_projects_branch_production_exists_data",
            "module.provisioning-backends-local-gl.module.provisioning-generic-organization-gitlab.gitlab_branch.group_projects_branch_integration",
            "module.provisioning-backends-local-gl.module.provisioning-generic-organization-gitlab.gitlab_group.groups_map_level_1",
            "module.provisioning-backends-local-gl.module.provisioning-generic-organization-gitlab.gitlab_group.groups_map_level_10",
            "module.provisioning-backends-local-gl.module.provisioning-generic-organization-gitlab.gitlab_group.groups_map_level_2",
            "module.provisioning-backends-local-gl.module.provisioning-generic-organization-gitlab.gitlab_group.groups_map_level_3",
            "module.provisioning-backends-local-gl.module.provisioning-generic-organization-gitlab.gitlab_group.groups_map_level_4",
            "module.provisioning-backends-local-gl.module.provisioning-generic-organization-gitlab.gitlab_group.groups_map_level_5",
            "module.provisioning-backends-local-gl.module.provisioning-generic-organization-gitlab.gitlab_group.groups_map_level_6",
            "module.provisioning-backends-local-gl.module.provisioning-generic-organization-gitlab.gitlab_group.groups_map_level_7",
            "module.provisioning-backends-local-gl.module.provisioning-generic-organization-gitlab.gitlab_group.groups_map_level_8",
            "module.provisioning-backends-local-gl.module.provisioning-generic-organization-gitlab.gitlab_group.groups_map_level_9",
            "module.provisioning-backends-local-gl.module.provisioning-generic-organization-gitlab.gitlab_project.group_projects"
          ]
        },
        {
          "index_key": "productionmainbreakground-provisioning",
          "schema_version": 0,
          "attributes": {
            "allow_force_push": false,
            "allowed_to_merge": [],
            "allowed_to_push": [],
            "allowed_to_unprotect": [],
            "branch": "main",
            "branch_protection_id": 78657770,
            "code_owner_approval_required": false,
            "id": "50663307:main",
            "merge_access_level": "maintainer",
            "project": "50663307",
            "push_access_level": "maintainer",
            "unprotect_access_level": "maintainer"
          },
          "sensitive_attributes": [],
          "private": "bnVsbA==",
          "dependencies": [
            "module.provisioning-backends-local-gl.module.provisioning-generic-organization-github.github_repository.repositories",
            "module.provisioning-backends-local-gl.module.provisioning-generic-organization-gitlab.data.gitlab_group.groups",
            "module.provisioning-backends-local-gl.module.provisioning-generic-organization-gitlab.data.gitlab_group.owner_group",
            "module.provisioning-backends-local-gl.module.provisioning-generic-organization-gitlab.data.gitlab_project_branches.group_projects_branch_production_exists_data",
            "module.provisioning-backends-local-gl.module.provisioning-generic-organization-gitlab.gitlab_branch.group_projects_branch_integration",
            "module.provisioning-backends-local-gl.module.provisioning-generic-organization-gitlab.gitlab_group.groups_map_level_1",
            "module.provisioning-backends-local-gl.module.provisioning-generic-organization-gitlab.gitlab_group.groups_map_level_10",
            "module.provisioning-backends-local-gl.module.provisioning-generic-organization-gitlab.gitlab_group.groups_map_level_2",
            "module.provisioning-backends-local-gl.module.provisioning-generic-organization-gitlab.gitlab_group.groups_map_level_3",
            "module.provisioning-backends-local-gl.module.provisioning-generic-organization-gitlab.gitlab_group.groups_map_level_4",
            "module.provisioning-backends-local-gl.module.provisioning-generic-organization-gitlab.gitlab_group.groups_map_level_5",
            "module.provisioning-backends-local-gl.module.provisioning-generic-organization-gitlab.gitlab_group.groups_map_level_6",
            "module.provisioning-backends-local-gl.module.provisioning-generic-organization-gitlab.gitlab_group.groups_map_level_7",
            "module.provisioning-backends-local-gl.module.provisioning-generic-organization-gitlab.gitlab_group.groups_map_level_8",
            "module.provisioning-backends-local-gl.module.provisioning-generic-organization-gitlab.gitlab_group.groups_map_level_9",
            "module.provisioning-backends-local-gl.module.provisioning-generic-organization-gitlab.gitlab_project.group_projects"
          ]
        }
      ]
    },
    {
      "module": "module.provisioning-backends-local-gl.module.provisioning-generic-organization-gitlab",
      "mode": "managed",
      "type": "gitlab_project",
      "name": "group_projects",
      "provider": "provider[\"registry.terraform.io/gitlabhq/gitlab\"]",
      "instances": [
        {
          "index_key": "breakground-provisioning",
          "schema_version": 0,
          "attributes": {
            "allow_merge_on_skipped_pipeline": false,
            "analytics_access_level": "enabled",
            "approvals_before_merge": 0,
            "archive_on_destroy": null,
            "archived": false,
            "auto_cancel_pending_pipelines": "enabled",
            "auto_devops_deploy_strategy": "continuous",
            "auto_devops_enabled": false,
            "autoclose_referenced_issues": true,
            "avatar": null,
            "avatar_hash": null,
            "avatar_url": "",
            "build_coverage_regex": "",
            "build_git_strategy": "fetch",
            "build_timeout": 3600,
            "builds_access_level": "enabled",
            "ci_config_path": "",
            "ci_default_git_depth": 20,
            "ci_forward_deployment_enabled": true,
            "ci_separated_caches": true,
            "container_expiration_policy": [
              {
                "cadence": "1d",
                "enabled": false,
                "keep_n": 10,
                "name_regex": ".*",
                "name_regex_delete": ".*",
                "name_regex_keep": "",
                "next_run_at": "2023-09-25T15:22:25Z",
                "older_than": "90d"
              }
            ],
            "container_registry_access_level": "enabled",
            "container_registry_enabled": true,
            "default_branch": "main",
            "description": "",
            "emails_disabled": false,
            "environments_access_level": "enabled",
            "external_authorization_classification_label": "",
            "feature_flags_access_level": "enabled",
            "forked_from_project_id": 0,
            "forking_access_level": "enabled",
            "group_with_project_templates_id": null,
            "http_url_to_repo": "https://gitlab.com/tomshley/breakground-provisioning.git",
            "id": "50663307",
            "import_url": "https://github.com/tomshley/breakground-provisioning.git",
            "import_url_password": "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",
            "import_url_username": "sgoggles",
            "infrastructure_access_level": "enabled",
            "initialize_with_readme": null,
            "issues_access_level": "enabled",
            "issues_enabled": true,
            "issues_template": "",
            "keep_latest_artifact": true,
            "lfs_enabled": true,
            "merge_commit_template": "",
            "merge_method": "merge",
            "merge_pipelines_enabled": false,
            "merge_requests_access_level": "enabled",
            "merge_requests_enabled": true,
            "merge_requests_template": "",
            "merge_trains_enabled": false,
            "mirror": false,
            "mirror_overwrites_diverged_branches": false,
            "mirror_trigger_builds": false,
            "monitor_access_level": "enabled",
            "mr_default_target_self": false,
            "name": "breakground-provisioning",
            "namespace_id": 64355277,
            "only_allow_merge_if_all_discussions_are_resolved": false,
            "only_allow_merge_if_pipeline_succeeds": false,
            "only_mirror_protected_branches": false,
            "operations_access_level": "",
            "packages_enabled": true,
            "pages_access_level": "private",
            "path": "breakground-provisioning",
            "path_with_namespace": "tomshley/breakground-provisioning",
            "pipelines_enabled": true,
            "printing_merge_request_link_enabled": true,
            "public_builds": true,
            "push_rules": [
              {
                "author_email_regex": "",
                "branch_name_regex": "",
                "commit_committer_check": false,
                "commit_message_negative_regex": "",
                "commit_message_regex": "",
                "deny_delete_tag": false,
                "file_name_regex": "",
                "max_file_size": 0,
                "member_check": false,
                "prevent_secrets": false,
                "reject_unsigned_commits": false
              }
            ],
            "releases_access_level": "enabled",
            "remove_source_branch_after_merge": true,
            "repository_access_level": "enabled",
            "repository_storage": "",
            "request_access_enabled": true,
            "requirements_access_level": "enabled",
            "resolve_outdated_diff_discussions": false,
            "restrict_user_defined_variables": false,
            "runners_token": "GR1348941jsLG_i7CPqKyjy69uFdh",
            "security_and_compliance_access_level": "private",
            "shared_runners_enabled": true,
            "skip_wait_for_default_branch_protection": null,
            "snippets_access_level": "enabled",
            "snippets_enabled": true,
            "squash_commit_template": "",
            "squash_option": "default_off",
            "ssh_url_to_repo": "git@gitlab.com:tomshley/breakground-provisioning.git",
            "suggestion_commit_message": "",
            "tags": [],
            "template_name": null,
            "template_project_id": null,
            "topics": [],
            "use_custom_template": null,
            "visibility_level": "private",
            "web_url": "https://gitlab.com/tomshley/breakground-provisioning",
            "wiki_access_level": "enabled",
            "wiki_enabled": true
          },
          "sensitive_attributes": [],
          "private": "bnVsbA==",
          "dependencies": [
            "module.provisioning-backends-local-gl.module.provisioning-generic-organization-github.github_repository.repositories",
            "module.provisioning-backends-local-gl.module.provisioning-generic-organization-gitlab.data.gitlab_group.groups",
            "module.provisioning-backends-local-gl.module.provisioning-generic-organization-gitlab.data.gitlab_group.owner_group",
            "module.provisioning-backends-local-gl.module.provisioning-generic-organization-gitlab.gitlab_group.groups_map_level_1",
            "module.provisioning-backends-local-gl.module.provisioning-generic-organization-gitlab.gitlab_group.groups_map_level_10",
            "module.provisioning-backends-local-gl.module.provisioning-generic-organization-gitlab.gitlab_group.groups_map_level_2",
            "module.provisioning-backends-local-gl.module.provisioning-generic-organization-gitlab.gitlab_group.groups_map_level_3",
            "module.provisioning-backends-local-gl.module.provisioning-generic-organization-gitlab.gitlab_group.groups_map_level_4",
            "module.provisioning-backends-local-gl.module.provisioning-generic-organization-gitlab.gitlab_group.groups_map_level_5",
            "module.provisioning-backends-local-gl.module.provisioning-generic-organization-gitlab.gitlab_group.groups_map_level_6",
            "module.provisioning-backends-local-gl.module.provisioning-generic-organization-gitlab.gitlab_group.groups_map_level_7",
            "module.provisioning-backends-local-gl.module.provisioning-generic-organization-gitlab.gitlab_group.groups_map_level_8",
            "module.provisioning-backends-local-gl.module.provisioning-generic-organization-gitlab.gitlab_group.groups_map_level_9"
          ]
        }
      ]
    },
    {
      "module": "module.provisioning-backends-local-gl.module.provisioning-generic-organization-gitlab",
      "mode": "managed",
      "type": "gitlab_project_mirror",
      "name": "group_projects_mirrors",
      "provider": "provider[\"registry.terraform.io/gitlabhq/gitlab\"]",
      "instances": [
        {
          "index_key": "breakground-provisioning",
          "schema_version": 0,
          "attributes": {
            "enabled": true,
            "id": "50663307:1662598",
            "keep_divergent_refs": false,
            "mirror_id": 1662598,
            "only_protected_branches": true,
            "project": "50663307",
            "url": "https://*****:*****@github.com/tomshley/breakground-provisioning.git"
          },
          "sensitive_attributes": [],
          "private": "bnVsbA==",
          "dependencies": [
            "module.provisioning-backends-local-gl.module.provisioning-generic-organization-github.github_repository.repositories",
            "module.provisioning-backends-local-gl.module.provisioning-generic-organization-gitlab.data.gitlab_group.groups",
            "module.provisioning-backends-local-gl.module.provisioning-generic-organization-gitlab.data.gitlab_group.owner_group",
            "module.provisioning-backends-local-gl.module.provisioning-generic-organization-gitlab.gitlab_group.groups_map_level_1",
            "module.provisioning-backends-local-gl.module.provisioning-generic-organization-gitlab.gitlab_group.groups_map_level_10",
            "module.provisioning-backends-local-gl.module.provisioning-generic-organization-gitlab.gitlab_group.groups_map_level_2",
            "module.provisioning-backends-local-gl.module.provisioning-generic-organization-gitlab.gitlab_group.groups_map_level_3",
            "module.provisioning-backends-local-gl.module.provisioning-generic-organization-gitlab.gitlab_group.groups_map_level_4",
            "module.provisioning-backends-local-gl.module.provisioning-generic-organization-gitlab.gitlab_group.groups_map_level_5",
            "module.provisioning-backends-local-gl.module.provisioning-generic-organization-gitlab.gitlab_group.groups_map_level_6",
            "module.provisioning-backends-local-gl.module.provisioning-generic-organization-gitlab.gitlab_group.groups_map_level_7",
            "module.provisioning-backends-local-gl.module.provisioning-generic-organization-gitlab.gitlab_group.groups_map_level_8",
            "module.provisioning-backends-local-gl.module.provisioning-generic-organization-gitlab.gitlab_group.groups_map_level_9",
            "module.provisioning-backends-local-gl.module.provisioning-generic-organization-gitlab.gitlab_project.group_projects"
          ]
        }
      ]
    },
    {
      "module": "module.provisioning-generic-deploy-containers",
      "mode": "managed",
      "type": "terraform_data",
      "name": "dockers",
      "provider": "provider[\"terraform.io/builtin/terraform\"]",
      "instances": [
        {
          "schema_version": 0,
          "attributes": {
            "id": "a7dedbd2-59b3-52b2-e88f-4e54b17053b5",
            "input": null,
            "output": null,
            "triggers_replace": null
          },
          "sensitive_attributes": [],
          "dependencies": [
            "module.provisioning-backends-local-gl.module.provisioning-generic-organization-github.github_branch_protection.repositories_protected_branches",
            "module.provisioning-backends-local-gl.module.provisioning-generic-organization-github.github_repository.repositories",
            "module.provisioning-backends-local-gl.module.provisioning-generic-organization-gitlab.data.gitlab_group.groups",
            "module.provisioning-backends-local-gl.module.provisioning-generic-organization-gitlab.data.gitlab_group.owner_group",
            "module.provisioning-backends-local-gl.module.provisioning-generic-organization-gitlab.data.gitlab_project_branches.group_projects_branch_production_exists_data",
            "module.provisioning-backends-local-gl.module.provisioning-generic-organization-gitlab.gitlab_branch.group_projects_branch_integration",
            "module.provisioning-backends-local-gl.module.provisioning-generic-organization-gitlab.gitlab_branch_protection.group_projects_protected_branches",
            "module.provisioning-backends-local-gl.module.provisioning-generic-organization-gitlab.gitlab_group.groups_map_level_1",
            "module.provisioning-backends-local-gl.module.provisioning-generic-organization-gitlab.gitlab_group.groups_map_level_10",
            "module.provisioning-backends-local-gl.module.provisioning-generic-organization-gitlab.gitlab_group.groups_map_level_2",
            "module.provisioning-backends-local-gl.module.provisioning-generic-organization-gitlab.gitlab_group.groups_map_level_3",
            "module.provisioning-backends-local-gl.module.provisioning-generic-organization-gitlab.gitlab_group.groups_map_level_4",
            "module.provisioning-backends-local-gl.module.provisioning-generic-organization-gitlab.gitlab_group.groups_map_level_5",
            "module.provisioning-backends-local-gl.module.provisioning-generic-organization-gitlab.gitlab_group.groups_map_level_6",
            "module.provisioning-backends-local-gl.module.provisioning-generic-organization-gitlab.gitlab_group.groups_map_level_7",
            "module.provisioning-backends-local-gl.module.provisioning-generic-organization-gitlab.gitlab_group.groups_map_level_8",
            "module.provisioning-backends-local-gl.module.provisioning-generic-organization-gitlab.gitlab_group.groups_map_level_9",
            "module.provisioning-backends-local-gl.module.provisioning-generic-organization-gitlab.gitlab_project.group_projects",
            "module.provisioning-backends-local-gl.module.provisioning-generic-organization-gitlab.gitlab_project_mirror.group_projects_mirrors"
          ]
        }
      ]
    }
  ],
  "check_results": null
}
